// !$*UTF8*$!
{
	archiveVersion = 1;
	classes = {
	};
	objectVersion = 46;
	objects = {

/* Begin PBXBuildFile section */
		090062551C6001C000E365CE /* AutoSubview.swift in Sources */ = {isa = PBXBuildFile; fileRef = 090062541C6001C000E365CE /* AutoSubview.swift */; };
		090062581C60066800E365CE /* TeleOpSubview.swift in Sources */ = {isa = PBXBuildFile; fileRef = 090062571C60066800E365CE /* TeleOpSubview.swift */; };
		091337811C49A9C6004A38B7 /* BasicButton.swift in Sources */ = {isa = PBXBuildFile; fileRef = 091337801C49A9C6004A38B7 /* BasicButton.swift */; };
		092A16821C57F26100BAE349 /* SwiftHTTP.framework in Embed Frameworks */ = {isa = PBXBuildFile; fileRef = 092A16741C57F23F00BAE349 /* SwiftHTTP.framework */; settings = {ATTRIBUTES = (CodeSignOnCopy, RemoveHeadersOnCopy, ); }; };
		095045E11C49BEB500852B8E /* TeamSelectionView.swift in Sources */ = {isa = PBXBuildFile; fileRef = 095045E01C49BEB500852B8E /* TeamSelectionView.swift */; };
		095CDB0E1C47ED4100ED33C8 /* AddressBook.framework in Frameworks */ = {isa = PBXBuildFile; fileRef = 095CDB0D1C47ED4100ED33C8 /* AddressBook.framework */; };
		095CDB101C47ED5200ED33C8 /* StoreKit.framework in Frameworks */ = {isa = PBXBuildFile; fileRef = 095CDB0F1C47ED5200ED33C8 /* StoreKit.framework */; };
		095CDB121C47ED5C00ED33C8 /* SystemConfiguration.framework in Frameworks */ = {isa = PBXBuildFile; fileRef = 095CDB111C47ED5C00ED33C8 /* SystemConfiguration.framework */; };
		0967FAD91C49BCC800093700 /* ScoutView.swift in Sources */ = {isa = PBXBuildFile; fileRef = 0967FAD81C49BCC800093700 /* ScoutView.swift */; };
		09A09D051C499FA000B7BD60 /* Extensions.swift in Sources */ = {isa = PBXBuildFile; fileRef = 09A09D041C499FA000B7BD60 /* Extensions.swift */; };
		09BA4D051C57FF2400FA56D1 /* RoundSelectionView.swift in Sources */ = {isa = PBXBuildFile; fileRef = 09BA4D041C57FF2400FA56D1 /* RoundSelectionView.swift */; };
		09BA4D171C5823F200FA56D1 /* TeamProfileView.swift in Sources */ = {isa = PBXBuildFile; fileRef = 09BA4D161C5823F200FA56D1 /* TeamProfileView.swift */; };
		09C567621C46F82200873387 /* AppDelegate.swift in Sources */ = {isa = PBXBuildFile; fileRef = 09C567611C46F82200873387 /* AppDelegate.swift */; };
		09C567641C46F82200873387 /* ViewController.swift in Sources */ = {isa = PBXBuildFile; fileRef = 09C567631C46F82200873387 /* ViewController.swift */; };
		09C567671C46F82200873387 /* Main.storyboard in Resources */ = {isa = PBXBuildFile; fileRef = 09C567651C46F82200873387 /* Main.storyboard */; };
		09C567691C46F82200873387 /* Assets.xcassets in Resources */ = {isa = PBXBuildFile; fileRef = 09C567681C46F82200873387 /* Assets.xcassets */; };
		09DBFA401C50316C00511FA4 /* BlueAlliance.swift in Sources */ = {isa = PBXBuildFile; fileRef = 09DBFA3F1C50316C00511FA4 /* BlueAlliance.swift */; };
		860B50DC1C52E96100D3641A /* DBManager.swift in Sources */ = {isa = PBXBuildFile; fileRef = 860B50DB1C52E96100D3641A /* DBManager.swift */; };
		86109A961C78F8BF0086DD04 /* ReviewView.swift in Sources */ = {isa = PBXBuildFile; fileRef = 86109A951C78F8BF0086DD04 /* ReviewView.swift */; };
		86565CD61C50392300660B44 /* Team.swift in Sources */ = {isa = PBXBuildFile; fileRef = 86565CD51C50392300660B44 /* Team.swift */; };
		86565CDF1C503DBB00660B44 /* LaunchScreen.storyboard in Resources */ = {isa = PBXBuildFile; fileRef = 09C5676A1C46F82200873387 /* LaunchScreen.storyboard */; };
		8659E5AA1C57DB6C0070F6BB /* HomeView.swift in Sources */ = {isa = PBXBuildFile; fileRef = 8659E5A91C57DB6C0070F6BB /* HomeView.swift */; };
		8659E5AE1C57FB830070F6BB /* TeamAssignenmentView.swift in Sources */ = {isa = PBXBuildFile; fileRef = 8659E5AD1C57FB830070F6BB /* TeamAssignenmentView.swift */; };
		8659E5B61C57FC330070F6BB /* BasicLabel.swift in Sources */ = {isa = PBXBuildFile; fileRef = 8659E5B51C57FC330070F6BB /* BasicLabel.swift */; };
		865FD64B1C5181CF00C83D4A /* RoundTemplate.json in Resources */ = {isa = PBXBuildFile; fileRef = 86565CDB1C503CDF00660B44 /* RoundTemplate.json */; };
		865FD64C1C5181D200C83D4A /* TeamTemplate.json in Resources */ = {isa = PBXBuildFile; fileRef = 86565CDC1C503CDF00660B44 /* TeamTemplate.json */; };
		866DC1F31C4B1AE40073BED7 /* SwiftyJSON.swift in Sources */ = {isa = PBXBuildFile; fileRef = 866DC1F21C4B1AE40073BED7 /* SwiftyJSON.swift */; };
		86A7CC981C484F2B0006DD22 /* Bolts.framework in Frameworks */ = {isa = PBXBuildFile; fileRef = 86A7CC971C484F2B0006DD22 /* Bolts.framework */; };
		86A7CC9A1C484F340006DD22 /* Parse.framework in Frameworks */ = {isa = PBXBuildFile; fileRef = 86A7CC991C484F340006DD22 /* Parse.framework */; };
		86A7CC9E1C484FBF0006DD22 /* GoogleSignIn.framework in Frameworks */ = {isa = PBXBuildFile; fileRef = 86A7CC9B1C484FBF0006DD22 /* GoogleSignIn.framework */; };
		86A7CCA31C4850470006DD22 /* AudioToolbox.framework in Frameworks */ = {isa = PBXBuildFile; fileRef = 86A7CCA21C4850470006DD22 /* AudioToolbox.framework */; };
		86A7CCA51C48504D0006DD22 /* CFNetwork.framework in Frameworks */ = {isa = PBXBuildFile; fileRef = 86A7CCA41C48504D0006DD22 /* CFNetwork.framework */; };
		86A7CCA71C4850540006DD22 /* CoreGraphics.framework in Frameworks */ = {isa = PBXBuildFile; fileRef = 86A7CCA61C4850540006DD22 /* CoreGraphics.framework */; };
		86A7CCA91C48505B0006DD22 /* CoreLocation.framework in Frameworks */ = {isa = PBXBuildFile; fileRef = 86A7CCA81C48505B0006DD22 /* CoreLocation.framework */; };
		86A7CCAB1C4850610006DD22 /* QuartzCore.framework in Frameworks */ = {isa = PBXBuildFile; fileRef = 86A7CCAA1C4850610006DD22 /* QuartzCore.framework */; };
		86A7CCAD1C4850650006DD22 /* Security.framework in Frameworks */ = {isa = PBXBuildFile; fileRef = 86A7CCAC1C4850650006DD22 /* Security.framework */; };
		86A7CCAF1C48507E0006DD22 /* libz.tbd in Frameworks */ = {isa = PBXBuildFile; fileRef = 86A7CCAE1C48507E0006DD22 /* libz.tbd */; };
		86A7CCB11C4850870006DD22 /* libsqlite3.tbd in Frameworks */ = {isa = PBXBuildFile; fileRef = 86A7CCB01C4850870006DD22 /* libsqlite3.tbd */; };
		86A7CCB21C48529C0006DD22 /* GoogleSignIn.bundle in Resources */ = {isa = PBXBuildFile; fileRef = 86A7CC9C1C484FBF0006DD22 /* GoogleSignIn.bundle */; };
		86AAFBC71C8B841300564076 /* TeamSummaryView.swift in Sources */ = {isa = PBXBuildFile; fileRef = 86AAFBC61C8B841300564076 /* TeamSummaryView.swift */; };
		86AAFBD01C8B858400564076 /* TeamSummaryRoundView.swift in Sources */ = {isa = PBXBuildFile; fileRef = 86AAFBCF1C8B858400564076 /* TeamSummaryRoundView.swift */; };
		86DAE50A1C8BA35200B97568 /* TeamRoundView.swift in Sources */ = {isa = PBXBuildFile; fileRef = 86DAE5091C8BA35200B97568 /* TeamRoundView.swift */; };
		86DB71B31C8CFBF700A7760C /* OurRoundsView.swift in Sources */ = {isa = PBXBuildFile; fileRef = 86DB71B21C8CFBF700A7760C /* OurRoundsView.swift */; };
		86DF2AC41C499259009500A1 /* Round.swift in Sources */ = {isa = PBXBuildFile; fileRef = 86DF2AC31C499259009500A1 /* Round.swift */; };
		86EA126F1C8E2D3D0002539E /* SuggestedDefencesView.swift in Sources */ = {isa = PBXBuildFile; fileRef = 86EA126E1C8E2D3D0002539E /* SuggestedDefencesView.swift */; };
		86EA12781C8E38AC0002539E /* RoundSummaryView.swift in Sources */ = {isa = PBXBuildFile; fileRef = 86EA12771C8E38AC0002539E /* RoundSummaryView.swift */; };
/* End PBXBuildFile section */

/* Begin PBXContainerItemProxy section */
		092A16731C57F23F00BAE349 /* PBXContainerItemProxy */ = {
			isa = PBXContainerItemProxy;
			containerPortal = 092A16691C57F23F00BAE349 /* SwiftHTTP.xcodeproj */;
			proxyType = 2;
			remoteGlobalIDString = 6BFD901619C8D8B500DD99B6;
			remoteInfo = SwiftHTTP;
		};
		092A16751C57F23F00BAE349 /* PBXContainerItemProxy */ = {
			isa = PBXContainerItemProxy;
			containerPortal = 092A16691C57F23F00BAE349 /* SwiftHTTP.xcodeproj */;
			proxyType = 2;
			remoteGlobalIDString = 6BFD902119C8D8B500DD99B6;
			remoteInfo = SwiftHTTPTests;
		};
		092A16771C57F23F00BAE349 /* PBXContainerItemProxy */ = {
			isa = PBXContainerItemProxy;
			containerPortal = 092A16691C57F23F00BAE349 /* SwiftHTTP.xcodeproj */;
			proxyType = 2;
			remoteGlobalIDString = D958025919E6EEEB003C8218;
			remoteInfo = SwiftHTTPOSX;
		};
		092A16791C57F23F00BAE349 /* PBXContainerItemProxy */ = {
			isa = PBXContainerItemProxy;
			containerPortal = 092A16691C57F23F00BAE349 /* SwiftHTTP.xcodeproj */;
			proxyType = 2;
			remoteGlobalIDString = D958026319E6EEEB003C8218;
			remoteInfo = SwiftHTTPOSXTests;
		};
		092A167B1C57F23F00BAE349 /* PBXContainerItemProxy */ = {
			isa = PBXContainerItemProxy;
			containerPortal = 092A16691C57F23F00BAE349 /* SwiftHTTP.xcodeproj */;
			proxyType = 2;
			remoteGlobalIDString = 5C135EC11C4733CD00AA3A01;
			remoteInfo = SwiftHTTPtvOS;
		};
		092A167D1C57F23F00BAE349 /* PBXContainerItemProxy */ = {
			isa = PBXContainerItemProxy;
			containerPortal = 092A16691C57F23F00BAE349 /* SwiftHTTP.xcodeproj */;
			proxyType = 2;
			remoteGlobalIDString = 5C135ECA1C4733CE00AA3A01;
			remoteInfo = SwiftHTTPtvOSTests;
		};
		092A167F1C57F23F00BAE349 /* PBXContainerItemProxy */ = {
			isa = PBXContainerItemProxy;
			containerPortal = 092A16691C57F23F00BAE349 /* SwiftHTTP.xcodeproj */;
			proxyType = 2;
			remoteGlobalIDString = 5C135FA91C4737E200AA3A01;
			remoteInfo = SwiftHTTPWatchOS;
		};
		092A16831C57F26100BAE349 /* PBXContainerItemProxy */ = {
			isa = PBXContainerItemProxy;
			containerPortal = 092A16691C57F23F00BAE349 /* SwiftHTTP.xcodeproj */;
			proxyType = 1;
			remoteGlobalIDString = 6BFD901519C8D8B500DD99B6;
			remoteInfo = SwiftHTTP;
		};
		865FD6381C517E9900C83D4A /* PBXContainerItemProxy */ = {
			isa = PBXContainerItemProxy;
			containerPortal = 865FD62E1C517E9900C83D4A /* SwiftHTTP.xcodeproj */;
			proxyType = 2;
			remoteGlobalIDString = 6BFD901619C8D8B500DD99B6;
			remoteInfo = SwiftHTTP;
		};
		865FD63A1C517E9900C83D4A /* PBXContainerItemProxy */ = {
			isa = PBXContainerItemProxy;
			containerPortal = 865FD62E1C517E9900C83D4A /* SwiftHTTP.xcodeproj */;
			proxyType = 2;
			remoteGlobalIDString = 6BFD902119C8D8B500DD99B6;
			remoteInfo = SwiftHTTPTests;
		};
		865FD63C1C517E9900C83D4A /* PBXContainerItemProxy */ = {
			isa = PBXContainerItemProxy;
			containerPortal = 865FD62E1C517E9900C83D4A /* SwiftHTTP.xcodeproj */;
			proxyType = 2;
			remoteGlobalIDString = D958025919E6EEEB003C8218;
			remoteInfo = SwiftHTTPOSX;
		};
		865FD63E1C517E9900C83D4A /* PBXContainerItemProxy */ = {
			isa = PBXContainerItemProxy;
			containerPortal = 865FD62E1C517E9900C83D4A /* SwiftHTTP.xcodeproj */;
			proxyType = 2;
			remoteGlobalIDString = D958026319E6EEEB003C8218;
			remoteInfo = SwiftHTTPOSXTests;
		};
		865FD6401C517E9900C83D4A /* PBXContainerItemProxy */ = {
			isa = PBXContainerItemProxy;
			containerPortal = 865FD62E1C517E9900C83D4A /* SwiftHTTP.xcodeproj */;
			proxyType = 2;
			remoteGlobalIDString = 5C135EC11C4733CD00AA3A01;
			remoteInfo = SwiftHTTPtvOS;
		};
		865FD6421C517E9900C83D4A /* PBXContainerItemProxy */ = {
			isa = PBXContainerItemProxy;
			containerPortal = 865FD62E1C517E9900C83D4A /* SwiftHTTP.xcodeproj */;
			proxyType = 2;
			remoteGlobalIDString = 5C135ECA1C4733CE00AA3A01;
			remoteInfo = SwiftHTTPtvOSTests;
		};
		865FD6441C517E9900C83D4A /* PBXContainerItemProxy */ = {
			isa = PBXContainerItemProxy;
			containerPortal = 865FD62E1C517E9900C83D4A /* SwiftHTTP.xcodeproj */;
			proxyType = 2;
			remoteGlobalIDString = 5C135FA91C4737E200AA3A01;
			remoteInfo = SwiftHTTPWatchOS;
		};
/* End PBXContainerItemProxy section */

/* Begin PBXCopyFilesBuildPhase section */
		09D9C7581C5035CC00BEB145 /* Embed Frameworks */ = {
			isa = PBXCopyFilesBuildPhase;
			buildActionMask = 2147483647;
			dstPath = "";
			dstSubfolderSpec = 10;
			files = (
				092A16821C57F26100BAE349 /* SwiftHTTP.framework in Embed Frameworks */,
			);
			name = "Embed Frameworks";
			runOnlyForDeploymentPostprocessing = 0;
		};
/* End PBXCopyFilesBuildPhase section */

/* Begin PBXFileReference section */
		090062541C6001C000E365CE /* AutoSubview.swift */ = {isa = PBXFileReference; fileEncoding = 4; lastKnownFileType = sourcecode.swift; path = AutoSubview.swift; sourceTree = "<group>"; };
		090062571C60066800E365CE /* TeleOpSubview.swift */ = {isa = PBXFileReference; fileEncoding = 4; lastKnownFileType = sourcecode.swift; path = TeleOpSubview.swift; sourceTree = "<group>"; };
		091337801C49A9C6004A38B7 /* BasicButton.swift */ = {isa = PBXFileReference; fileEncoding = 4; lastKnownFileType = sourcecode.swift; path = BasicButton.swift; sourceTree = "<group>"; };
		092A16691C57F23F00BAE349 /* SwiftHTTP.xcodeproj */ = {isa = PBXFileReference; lastKnownFileType = "wrapper.pb-project"; name = SwiftHTTP.xcodeproj; path = "../../Downloads/SwiftHTTP-master (1)/SwiftHTTP-master/SwiftHTTP.xcodeproj"; sourceTree = "<group>"; };
		095045E01C49BEB500852B8E /* TeamSelectionView.swift */ = {isa = PBXFileReference; fileEncoding = 4; lastKnownFileType = sourcecode.swift; path = TeamSelectionView.swift; sourceTree = "<group>"; };
		095CDB0D1C47ED4100ED33C8 /* AddressBook.framework */ = {isa = PBXFileReference; lastKnownFileType = wrapper.framework; name = AddressBook.framework; path = System/Library/Frameworks/AddressBook.framework; sourceTree = SDKROOT; };
		095CDB0F1C47ED5200ED33C8 /* StoreKit.framework */ = {isa = PBXFileReference; lastKnownFileType = wrapper.framework; name = StoreKit.framework; path = System/Library/Frameworks/StoreKit.framework; sourceTree = SDKROOT; };
		095CDB111C47ED5C00ED33C8 /* SystemConfiguration.framework */ = {isa = PBXFileReference; lastKnownFileType = wrapper.framework; name = SystemConfiguration.framework; path = System/Library/Frameworks/SystemConfiguration.framework; sourceTree = SDKROOT; };
		0967FAD81C49BCC800093700 /* ScoutView.swift */ = {isa = PBXFileReference; fileEncoding = 4; lastKnownFileType = sourcecode.swift; path = ScoutView.swift; sourceTree = "<group>"; };
		09A09D041C499FA000B7BD60 /* Extensions.swift */ = {isa = PBXFileReference; fileEncoding = 4; lastKnownFileType = sourcecode.swift; path = Extensions.swift; sourceTree = "<group>"; };
		09AAAC9D1C481C1D0039168A /* GoogleService-Info.plist */ = {isa = PBXFileReference; fileEncoding = 4; lastKnownFileType = text.plist.xml; path = "GoogleService-Info.plist"; sourceTree = "<group>"; };
		09BA4D041C57FF2400FA56D1 /* RoundSelectionView.swift */ = {isa = PBXFileReference; fileEncoding = 4; lastKnownFileType = sourcecode.swift; path = RoundSelectionView.swift; sourceTree = "<group>"; };
		09BA4D161C5823F200FA56D1 /* TeamProfileView.swift */ = {isa = PBXFileReference; fileEncoding = 4; lastKnownFileType = sourcecode.swift; path = TeamProfileView.swift; sourceTree = "<group>"; };
		09C5675E1C46F82200873387 /* ScoutingApp2016.app */ = {isa = PBXFileReference; explicitFileType = wrapper.application; includeInIndex = 0; path = ScoutingApp2016.app; sourceTree = BUILT_PRODUCTS_DIR; };
		09C567611C46F82200873387 /* AppDelegate.swift */ = {isa = PBXFileReference; lastKnownFileType = sourcecode.swift; path = AppDelegate.swift; sourceTree = "<group>"; };
		09C567631C46F82200873387 /* ViewController.swift */ = {isa = PBXFileReference; lastKnownFileType = sourcecode.swift; path = ViewController.swift; sourceTree = "<group>"; };
		09C567661C46F82200873387 /* Base */ = {isa = PBXFileReference; lastKnownFileType = file.storyboard; name = Base; path = Base.lproj/Main.storyboard; sourceTree = "<group>"; };
		09C567681C46F82200873387 /* Assets.xcassets */ = {isa = PBXFileReference; lastKnownFileType = folder.assetcatalog; path = Assets.xcassets; sourceTree = "<group>"; };
		09C5676B1C46F82200873387 /* Base */ = {isa = PBXFileReference; lastKnownFileType = file.storyboard; name = Base; path = Base.lproj/LaunchScreen.storyboard; sourceTree = "<group>"; };
		09C5676D1C46F82200873387 /* Info.plist */ = {isa = PBXFileReference; lastKnownFileType = text.plist.xml; path = Info.plist; sourceTree = "<group>"; };
		09DBFA3F1C50316C00511FA4 /* BlueAlliance.swift */ = {isa = PBXFileReference; fileEncoding = 4; lastKnownFileType = sourcecode.swift; path = BlueAlliance.swift; sourceTree = "<group>"; };
		860B50DB1C52E96100D3641A /* DBManager.swift */ = {isa = PBXFileReference; fileEncoding = 4; lastKnownFileType = sourcecode.swift; path = DBManager.swift; sourceTree = "<group>"; };
		86109A951C78F8BF0086DD04 /* ReviewView.swift */ = {isa = PBXFileReference; fileEncoding = 4; lastKnownFileType = sourcecode.swift; path = ReviewView.swift; sourceTree = "<group>"; };
		86565CD51C50392300660B44 /* Team.swift */ = {isa = PBXFileReference; fileEncoding = 4; lastKnownFileType = sourcecode.swift; path = Team.swift; sourceTree = "<group>"; };
		86565CDB1C503CDF00660B44 /* RoundTemplate.json */ = {isa = PBXFileReference; fileEncoding = 4; lastKnownFileType = text.json; path = RoundTemplate.json; sourceTree = "<group>"; };
		86565CDC1C503CDF00660B44 /* TeamTemplate.json */ = {isa = PBXFileReference; fileEncoding = 4; lastKnownFileType = text.json; path = TeamTemplate.json; sourceTree = "<group>"; };
		8659E5A91C57DB6C0070F6BB /* HomeView.swift */ = {isa = PBXFileReference; fileEncoding = 4; lastKnownFileType = sourcecode.swift; path = HomeView.swift; sourceTree = "<group>"; };
		8659E5AD1C57FB830070F6BB /* TeamAssignenmentView.swift */ = {isa = PBXFileReference; fileEncoding = 4; lastKnownFileType = sourcecode.swift; path = TeamAssignenmentView.swift; sourceTree = "<group>"; };
		8659E5B51C57FC330070F6BB /* BasicLabel.swift */ = {isa = PBXFileReference; fileEncoding = 4; lastKnownFileType = sourcecode.swift; path = BasicLabel.swift; sourceTree = "<group>"; };
		865FD62E1C517E9900C83D4A /* SwiftHTTP.xcodeproj */ = {isa = PBXFileReference; lastKnownFileType = "wrapper.pb-project"; name = SwiftHTTP.xcodeproj; path = "../../../../Downloads/SwiftHTTP-master/SwiftHTTP.xcodeproj"; sourceTree = "<group>"; };
		866DC1F21C4B1AE40073BED7 /* SwiftyJSON.swift */ = {isa = PBXFileReference; fileEncoding = 4; lastKnownFileType = sourcecode.swift; path = SwiftyJSON.swift; sourceTree = "<group>"; };
		86A7CC971C484F2B0006DD22 /* Bolts.framework */ = {isa = PBXFileReference; lastKnownFileType = wrapper.framework; path = Bolts.framework; sourceTree = "<group>"; };
		86A7CC991C484F340006DD22 /* Parse.framework */ = {isa = PBXFileReference; lastKnownFileType = wrapper.framework; path = Parse.framework; sourceTree = "<group>"; };
		86A7CC9B1C484FBF0006DD22 /* GoogleSignIn.framework */ = {isa = PBXFileReference; lastKnownFileType = wrapper.framework; path = GoogleSignIn.framework; sourceTree = "<group>"; };
		86A7CC9C1C484FBF0006DD22 /* GoogleSignIn.bundle */ = {isa = PBXFileReference; lastKnownFileType = "wrapper.plug-in"; path = GoogleSignIn.bundle; sourceTree = "<group>"; };
		86A7CCA21C4850470006DD22 /* AudioToolbox.framework */ = {isa = PBXFileReference; lastKnownFileType = wrapper.framework; name = AudioToolbox.framework; path = System/Library/Frameworks/AudioToolbox.framework; sourceTree = SDKROOT; };
		86A7CCA41C48504D0006DD22 /* CFNetwork.framework */ = {isa = PBXFileReference; lastKnownFileType = wrapper.framework; name = CFNetwork.framework; path = System/Library/Frameworks/CFNetwork.framework; sourceTree = SDKROOT; };
		86A7CCA61C4850540006DD22 /* CoreGraphics.framework */ = {isa = PBXFileReference; lastKnownFileType = wrapper.framework; name = CoreGraphics.framework; path = System/Library/Frameworks/CoreGraphics.framework; sourceTree = SDKROOT; };
		86A7CCA81C48505B0006DD22 /* CoreLocation.framework */ = {isa = PBXFileReference; lastKnownFileType = wrapper.framework; name = CoreLocation.framework; path = System/Library/Frameworks/CoreLocation.framework; sourceTree = SDKROOT; };
		86A7CCAA1C4850610006DD22 /* QuartzCore.framework */ = {isa = PBXFileReference; lastKnownFileType = wrapper.framework; name = QuartzCore.framework; path = System/Library/Frameworks/QuartzCore.framework; sourceTree = SDKROOT; };
		86A7CCAC1C4850650006DD22 /* Security.framework */ = {isa = PBXFileReference; lastKnownFileType = wrapper.framework; name = Security.framework; path = System/Library/Frameworks/Security.framework; sourceTree = SDKROOT; };
		86A7CCAE1C48507E0006DD22 /* libz.tbd */ = {isa = PBXFileReference; lastKnownFileType = "sourcecode.text-based-dylib-definition"; name = libz.tbd; path = usr/lib/libz.tbd; sourceTree = SDKROOT; };
		86A7CCB01C4850870006DD22 /* libsqlite3.tbd */ = {isa = PBXFileReference; lastKnownFileType = "sourcecode.text-based-dylib-definition"; name = libsqlite3.tbd; path = usr/lib/libsqlite3.tbd; sourceTree = SDKROOT; };
		86A7CCB31C4853050006DD22 /* ScoutingApp2016-Bridging-Header.h */ = {isa = PBXFileReference; lastKnownFileType = sourcecode.c.h; path = "ScoutingApp2016-Bridging-Header.h"; sourceTree = "<group>"; };
		86AAFBC61C8B841300564076 /* TeamSummaryView.swift */ = {isa = PBXFileReference; fileEncoding = 4; lastKnownFileType = sourcecode.swift; path = TeamSummaryView.swift; sourceTree = "<group>"; };
		86AAFBCF1C8B858400564076 /* TeamSummaryRoundView.swift */ = {isa = PBXFileReference; fileEncoding = 4; lastKnownFileType = sourcecode.swift; path = TeamSummaryRoundView.swift; sourceTree = "<group>"; };
		86DAE5091C8BA35200B97568 /* TeamRoundView.swift */ = {isa = PBXFileReference; fileEncoding = 4; lastKnownFileType = sourcecode.swift; path = TeamRoundView.swift; sourceTree = "<group>"; };
		86DB71B21C8CFBF700A7760C /* OurRoundsView.swift */ = {isa = PBXFileReference; fileEncoding = 4; lastKnownFileType = sourcecode.swift; path = OurRoundsView.swift; sourceTree = "<group>"; };
		86DF2AC31C499259009500A1 /* Round.swift */ = {isa = PBXFileReference; fileEncoding = 4; lastKnownFileType = sourcecode.swift; path = Round.swift; sourceTree = "<group>"; };
		86EA126E1C8E2D3D0002539E /* SuggestedDefencesView.swift */ = {isa = PBXFileReference; fileEncoding = 4; lastKnownFileType = sourcecode.swift; path = SuggestedDefencesView.swift; sourceTree = "<group>"; };
		86EA12771C8E38AC0002539E /* RoundSummaryView.swift */ = {isa = PBXFileReference; fileEncoding = 4; lastKnownFileType = sourcecode.swift; path = RoundSummaryView.swift; sourceTree = "<group>"; };
/* End PBXFileReference section */

/* Begin PBXFrameworksBuildPhase section */
		09C5675B1C46F82200873387 /* Frameworks */ = {
			isa = PBXFrameworksBuildPhase;
			buildActionMask = 2147483647;
			files = (
				86A7CCB11C4850870006DD22 /* libsqlite3.tbd in Frameworks */,
				86A7CCAF1C48507E0006DD22 /* libz.tbd in Frameworks */,
				095CDB121C47ED5C00ED33C8 /* SystemConfiguration.framework in Frameworks */,
				095CDB101C47ED5200ED33C8 /* StoreKit.framework in Frameworks */,
				86A7CCAD1C4850650006DD22 /* Security.framework in Frameworks */,
				86A7CCAB1C4850610006DD22 /* QuartzCore.framework in Frameworks */,
				86A7CCA91C48505B0006DD22 /* CoreLocation.framework in Frameworks */,
				86A7CCA71C4850540006DD22 /* CoreGraphics.framework in Frameworks */,
				86A7CCA51C48504D0006DD22 /* CFNetwork.framework in Frameworks */,
				86A7CCA31C4850470006DD22 /* AudioToolbox.framework in Frameworks */,
				86A7CC981C484F2B0006DD22 /* Bolts.framework in Frameworks */,
				86A7CC9E1C484FBF0006DD22 /* GoogleSignIn.framework in Frameworks */,
				095CDB0E1C47ED4100ED33C8 /* AddressBook.framework in Frameworks */,
				86A7CC9A1C484F340006DD22 /* Parse.framework in Frameworks */,
			);
			runOnlyForDeploymentPostprocessing = 0;
		};
/* End PBXFrameworksBuildPhase section */

/* Begin PBXGroup section */
		091337821C49ADB2004A38B7 /* UITemplates */ = {
			isa = PBXGroup;
			children = (
				091337801C49A9C6004A38B7 /* BasicButton.swift */,
				8659E5B51C57FC330070F6BB /* BasicLabel.swift */,
			);
			name = UITemplates;
			sourceTree = "<group>";
		};
		092A166A1C57F23F00BAE349 /* Products */ = {
			isa = PBXGroup;
			children = (
				092A16741C57F23F00BAE349 /* SwiftHTTP.framework */,
				092A16761C57F23F00BAE349 /* SwiftHTTPTests.xctest */,
				092A16781C57F23F00BAE349 /* SwiftHTTP.framework */,
				092A167A1C57F23F00BAE349 /* SwiftHTTPOSXTests.xctest */,
				092A167C1C57F23F00BAE349 /* SwiftHTTP.framework */,
				092A167E1C57F23F00BAE349 /* SwiftHTTPtvOSTests.xctest */,
				092A16801C57F23F00BAE349 /* SwiftHTTP.framework */,
			);
			name = Products;
			sourceTree = "<group>";
		};
		095045DF1C49BE8D00852B8E /* Views */ = {
			isa = PBXGroup;
			children = (
				8659E5A91C57DB6C0070F6BB /* HomeView.swift */,
				8659E5D81C5C14390070F6BB /* Review */,
				8659E5D71C5C142E0070F6BB /* Scout */,
			);
			name = Views;
			sourceTree = "<group>";
		};
		09C567551C46F82100873387 = {
			isa = PBXGroup;
			children = (
				86565CDB1C503CDF00660B44 /* RoundTemplate.json */,
				86565CDC1C503CDF00660B44 /* TeamTemplate.json */,
				865FD62E1C517E9900C83D4A /* SwiftHTTP.xcodeproj */,
				092A16691C57F23F00BAE349 /* SwiftHTTP.xcodeproj */,
				86A7CCA11C484FD70006DD22 /* Frameworks */,
				09C567601C46F82200873387 /* ScoutingApp2016 */,
				09C5675F1C46F82200873387 /* Products */,
			);
			sourceTree = "<group>";
		};
		09C5675F1C46F82200873387 /* Products */ = {
			isa = PBXGroup;
			children = (
				09C5675E1C46F82200873387 /* ScoutingApp2016.app */,
			);
			name = Products;
			sourceTree = "<group>";
		};
		09C567601C46F82200873387 /* ScoutingApp2016 */ = {
			isa = PBXGroup;
			children = (
				86DF2AC71C49926F009500A1 /* Code */,
				095045DF1C49BE8D00852B8E /* Views */,
				091337821C49ADB2004A38B7 /* UITemplates */,
				866DC1F41C4B1B0F0073BED7 /* Extras */,
			);
			path = ScoutingApp2016;
			sourceTree = "<group>";
		};
		8659E5D71C5C142E0070F6BB /* Scout */ = {
			isa = PBXGroup;
			children = (
				09BA4D041C57FF2400FA56D1 /* RoundSelectionView.swift */,
				8659E5AD1C57FB830070F6BB /* TeamAssignenmentView.swift */,
				0967FAD81C49BCC800093700 /* ScoutView.swift */,
				090062541C6001C000E365CE /* AutoSubview.swift */,
				090062571C60066800E365CE /* TeleOpSubview.swift */,
				86109A951C78F8BF0086DD04 /* ReviewView.swift */,
			);
			name = Scout;
			sourceTree = "<group>";
		};
		8659E5D81C5C14390070F6BB /* Review */ = {
			isa = PBXGroup;
			children = (
				095045E01C49BEB500852B8E /* TeamSelectionView.swift */,
				09BA4D161C5823F200FA56D1 /* TeamProfileView.swift */,
				86AAFBC61C8B841300564076 /* TeamSummaryView.swift */,
				86AAFBCF1C8B858400564076 /* TeamSummaryRoundView.swift */,
				86DAE5091C8BA35200B97568 /* TeamRoundView.swift */,
				86DB71B21C8CFBF700A7760C /* OurRoundsView.swift */,
				86EA126E1C8E2D3D0002539E /* SuggestedDefencesView.swift */,
				86EA12771C8E38AC0002539E /* RoundSummaryView.swift */,
			);
			name = Review;
			sourceTree = "<group>";
		};
		865FD62F1C517E9900C83D4A /* Products */ = {
			isa = PBXGroup;
			children = (
				865FD6391C517E9900C83D4A /* SwiftHTTP.framework */,
				865FD63B1C517E9900C83D4A /* SwiftHTTPTests.xctest */,
				865FD63D1C517E9900C83D4A /* SwiftHTTP.framework */,
				865FD63F1C517E9900C83D4A /* SwiftHTTPOSXTests.xctest */,
				865FD6411C517E9900C83D4A /* SwiftHTTP.framework */,
				865FD6431C517E9900C83D4A /* SwiftHTTPtvOSTests.xctest */,
				865FD6451C517E9900C83D4A /* SwiftHTTP.framework */,
			);
			name = Products;
			sourceTree = "<group>";
		};
		866DC1F41C4B1B0F0073BED7 /* Extras */ = {
			isa = PBXGroup;
			children = (
				09A09D041C499FA000B7BD60 /* Extensions.swift */,
				09C567651C46F82200873387 /* Main.storyboard */,
				09AAAC9D1C481C1D0039168A /* GoogleService-Info.plist */,
				09C5676A1C46F82200873387 /* LaunchScreen.storyboard */,
				09C567681C46F82200873387 /* Assets.xcassets */,
				09C5676D1C46F82200873387 /* Info.plist */,
				86A7CCB31C4853050006DD22 /* ScoutingApp2016-Bridging-Header.h */,
				866DC1F21C4B1AE40073BED7 /* SwiftyJSON.swift */,
			);
			name = Extras;
			sourceTree = "<group>";
		};
		86A7CCA11C484FD70006DD22 /* Frameworks */ = {
			isa = PBXGroup;
			children = (
				86A7CC9C1C484FBF0006DD22 /* GoogleSignIn.bundle */,
				86A7CCB01C4850870006DD22 /* libsqlite3.tbd */,
				86A7CCAE1C48507E0006DD22 /* libz.tbd */,
				86A7CCAC1C4850650006DD22 /* Security.framework */,
				86A7CCAA1C4850610006DD22 /* QuartzCore.framework */,
				86A7CCA81C48505B0006DD22 /* CoreLocation.framework */,
				86A7CCA61C4850540006DD22 /* CoreGraphics.framework */,
				86A7CCA41C48504D0006DD22 /* CFNetwork.framework */,
				86A7CCA21C4850470006DD22 /* AudioToolbox.framework */,
				86A7CC9B1C484FBF0006DD22 /* GoogleSignIn.framework */,
				86A7CC991C484F340006DD22 /* Parse.framework */,
				86A7CC971C484F2B0006DD22 /* Bolts.framework */,
				095CDB111C47ED5C00ED33C8 /* SystemConfiguration.framework */,
				095CDB0F1C47ED5200ED33C8 /* StoreKit.framework */,
				095CDB0D1C47ED4100ED33C8 /* AddressBook.framework */,
			);
			name = Frameworks;
			sourceTree = "<group>";
		};
		86DF2AC71C49926F009500A1 /* Code */ = {
			isa = PBXGroup;
			children = (
				09C567631C46F82200873387 /* ViewController.swift */,
				09C567611C46F82200873387 /* AppDelegate.swift */,
				86DF2AC31C499259009500A1 /* Round.swift */,
				86565CD51C50392300660B44 /* Team.swift */,
				860B50DB1C52E96100D3641A /* DBManager.swift */,
				09DBFA3F1C50316C00511FA4 /* BlueAlliance.swift */,
			);
			name = Code;
			sourceTree = "<group>";
		};
/* End PBXGroup section */

/* Begin PBXNativeTarget section */
		09C5675D1C46F82200873387 /* ScoutingApp2016 */ = {
			isa = PBXNativeTarget;
			buildConfigurationList = 09C567701C46F82200873387 /* Build configuration list for PBXNativeTarget "ScoutingApp2016" */;
			buildPhases = (
				09C5675A1C46F82200873387 /* Sources */,
				09C5675B1C46F82200873387 /* Frameworks */,
				09C5675C1C46F82200873387 /* Resources */,
				09D9C7581C5035CC00BEB145 /* Embed Frameworks */,
			);
			buildRules = (
			);
			dependencies = (
				092A16841C57F26100BAE349 /* PBXTargetDependency */,
			);
			name = ScoutingApp2016;
			productName = ScoutingApp2016;
			productReference = 09C5675E1C46F82200873387 /* ScoutingApp2016.app */;
			productType = "com.apple.product-type.application";
		};
/* End PBXNativeTarget section */

/* Begin PBXProject section */
		09C567561C46F82100873387 /* Project object */ = {
			isa = PBXProject;
			attributes = {
				LastSwiftUpdateCheck = 0720;
				LastUpgradeCheck = 0720;
				ORGANIZATIONNAME = Sciborgs;
				TargetAttributes = {
					09C5675D1C46F82200873387 = {
						CreatedOnToolsVersion = 7.2;
						DevelopmentTeam = VEFXGBBZ5N;
					};
				};
			};
			buildConfigurationList = 09C567591C46F82100873387 /* Build configuration list for PBXProject "ScoutingApp2016" */;
			compatibilityVersion = "Xcode 3.2";
			developmentRegion = English;
			hasScannedForEncodings = 0;
			knownRegions = (
				en,
				Base,
			);
			mainGroup = 09C567551C46F82100873387;
			productRefGroup = 09C5675F1C46F82200873387 /* Products */;
			projectDirPath = "";
			projectReferences = (
				{
					ProductGroup = 092A166A1C57F23F00BAE349 /* Products */;
					ProjectRef = 092A16691C57F23F00BAE349 /* SwiftHTTP.xcodeproj */;
				},
				{
					ProductGroup = 865FD62F1C517E9900C83D4A /* Products */;
					ProjectRef = 865FD62E1C517E9900C83D4A /* SwiftHTTP.xcodeproj */;
				},
			);
			projectRoot = "";
			targets = (
				09C5675D1C46F82200873387 /* ScoutingApp2016 */,
			);
		};
/* End PBXProject section */

/* Begin PBXReferenceProxy section */
		092A16741C57F23F00BAE349 /* SwiftHTTP.framework */ = {
			isa = PBXReferenceProxy;
			fileType = wrapper.framework;
			path = SwiftHTTP.framework;
			remoteRef = 092A16731C57F23F00BAE349 /* PBXContainerItemProxy */;
			sourceTree = BUILT_PRODUCTS_DIR;
		};
		092A16761C57F23F00BAE349 /* SwiftHTTPTests.xctest */ = {
			isa = PBXReferenceProxy;
			fileType = wrapper.cfbundle;
			path = SwiftHTTPTests.xctest;
			remoteRef = 092A16751C57F23F00BAE349 /* PBXContainerItemProxy */;
			sourceTree = BUILT_PRODUCTS_DIR;
		};
		092A16781C57F23F00BAE349 /* SwiftHTTP.framework */ = {
			isa = PBXReferenceProxy;
			fileType = wrapper.framework;
			path = SwiftHTTP.framework;
			remoteRef = 092A16771C57F23F00BAE349 /* PBXContainerItemProxy */;
			sourceTree = BUILT_PRODUCTS_DIR;
		};
		092A167A1C57F23F00BAE349 /* SwiftHTTPOSXTests.xctest */ = {
			isa = PBXReferenceProxy;
			fileType = wrapper.cfbundle;
			path = SwiftHTTPOSXTests.xctest;
			remoteRef = 092A16791C57F23F00BAE349 /* PBXContainerItemProxy */;
			sourceTree = BUILT_PRODUCTS_DIR;
		};
		092A167C1C57F23F00BAE349 /* SwiftHTTP.framework */ = {
			isa = PBXReferenceProxy;
			fileType = wrapper.framework;
			path = SwiftHTTP.framework;
			remoteRef = 092A167B1C57F23F00BAE349 /* PBXContainerItemProxy */;
			sourceTree = BUILT_PRODUCTS_DIR;
		};
		092A167E1C57F23F00BAE349 /* SwiftHTTPtvOSTests.xctest */ = {
			isa = PBXReferenceProxy;
			fileType = wrapper.cfbundle;
			path = SwiftHTTPtvOSTests.xctest;
			remoteRef = 092A167D1C57F23F00BAE349 /* PBXContainerItemProxy */;
			sourceTree = BUILT_PRODUCTS_DIR;
		};
		092A16801C57F23F00BAE349 /* SwiftHTTP.framework */ = {
			isa = PBXReferenceProxy;
			fileType = wrapper.framework;
			path = SwiftHTTP.framework;
			remoteRef = 092A167F1C57F23F00BAE349 /* PBXContainerItemProxy */;
			sourceTree = BUILT_PRODUCTS_DIR;
		};
		865FD6391C517E9900C83D4A /* SwiftHTTP.framework */ = {
			isa = PBXReferenceProxy;
			fileType = wrapper.framework;
			path = SwiftHTTP.framework;
			remoteRef = 865FD6381C517E9900C83D4A /* PBXContainerItemProxy */;
			sourceTree = BUILT_PRODUCTS_DIR;
		};
		865FD63B1C517E9900C83D4A /* SwiftHTTPTests.xctest */ = {
			isa = PBXReferenceProxy;
			fileType = wrapper.cfbundle;
			path = SwiftHTTPTests.xctest;
			remoteRef = 865FD63A1C517E9900C83D4A /* PBXContainerItemProxy */;
			sourceTree = BUILT_PRODUCTS_DIR;
		};
		865FD63D1C517E9900C83D4A /* SwiftHTTP.framework */ = {
			isa = PBXReferenceProxy;
			fileType = wrapper.framework;
			path = SwiftHTTP.framework;
			remoteRef = 865FD63C1C517E9900C83D4A /* PBXContainerItemProxy */;
			sourceTree = BUILT_PRODUCTS_DIR;
		};
		865FD63F1C517E9900C83D4A /* SwiftHTTPOSXTests.xctest */ = {
			isa = PBXReferenceProxy;
			fileType = wrapper.cfbundle;
			path = SwiftHTTPOSXTests.xctest;
			remoteRef = 865FD63E1C517E9900C83D4A /* PBXContainerItemProxy */;
			sourceTree = BUILT_PRODUCTS_DIR;
		};
		865FD6411C517E9900C83D4A /* SwiftHTTP.framework */ = {
			isa = PBXReferenceProxy;
			fileType = wrapper.framework;
			path = SwiftHTTP.framework;
			remoteRef = 865FD6401C517E9900C83D4A /* PBXContainerItemProxy */;
			sourceTree = BUILT_PRODUCTS_DIR;
		};
		865FD6431C517E9900C83D4A /* SwiftHTTPtvOSTests.xctest */ = {
			isa = PBXReferenceProxy;
			fileType = wrapper.cfbundle;
			path = SwiftHTTPtvOSTests.xctest;
			remoteRef = 865FD6421C517E9900C83D4A /* PBXContainerItemProxy */;
			sourceTree = BUILT_PRODUCTS_DIR;
		};
		865FD6451C517E9900C83D4A /* SwiftHTTP.framework */ = {
			isa = PBXReferenceProxy;
			fileType = wrapper.framework;
			path = SwiftHTTP.framework;
			remoteRef = 865FD6441C517E9900C83D4A /* PBXContainerItemProxy */;
			sourceTree = BUILT_PRODUCTS_DIR;
		};
/* End PBXReferenceProxy section */

/* Begin PBXResourcesBuildPhase section */
		09C5675C1C46F82200873387 /* Resources */ = {
			isa = PBXResourcesBuildPhase;
			buildActionMask = 2147483647;
			files = (
				865FD64C1C5181D200C83D4A /* TeamTemplate.json in Resources */,
				865FD64B1C5181CF00C83D4A /* RoundTemplate.json in Resources */,
				86565CDF1C503DBB00660B44 /* LaunchScreen.storyboard in Resources */,
				86A7CCB21C48529C0006DD22 /* GoogleSignIn.bundle in Resources */,
				09C567691C46F82200873387 /* Assets.xcassets in Resources */,
				09C567671C46F82200873387 /* Main.storyboard in Resources */,
			);
			runOnlyForDeploymentPostprocessing = 0;
		};
/* End PBXResourcesBuildPhase section */

/* Begin PBXSourcesBuildPhase section */
		09C5675A1C46F82200873387 /* Sources */ = {
			isa = PBXSourcesBuildPhase;
			buildActionMask = 2147483647;
			files = (
				86AAFBC71C8B841300564076 /* TeamSummaryView.swift in Sources */,
				09C567641C46F82200873387 /* ViewController.swift in Sources */,
				09C567621C46F82200873387 /* AppDelegate.swift in Sources */,
				86EA12781C8E38AC0002539E /* RoundSummaryView.swift in Sources */,
				86109A961C78F8BF0086DD04 /* ReviewView.swift in Sources */,
				8659E5AA1C57DB6C0070F6BB /* HomeView.swift in Sources */,
				86DB71B31C8CFBF700A7760C /* OurRoundsView.swift in Sources */,
				091337811C49A9C6004A38B7 /* BasicButton.swift in Sources */,
				090062581C60066800E365CE /* TeleOpSubview.swift in Sources */,
				86AAFBD01C8B858400564076 /* TeamSummaryRoundView.swift in Sources */,
				8659E5B61C57FC330070F6BB /* BasicLabel.swift in Sources */,
				86565CD61C50392300660B44 /* Team.swift in Sources */,
				0967FAD91C49BCC800093700 /* ScoutView.swift in Sources */,
				8659E5AE1C57FB830070F6BB /* TeamAssignenmentView.swift in Sources */,
				09A09D051C499FA000B7BD60 /* Extensions.swift in Sources */,
				095045E11C49BEB500852B8E /* TeamSelectionView.swift in Sources */,
				090062551C6001C000E365CE /* AutoSubview.swift in Sources */,
				860B50DC1C52E96100D3641A /* DBManager.swift in Sources */,
				86EA126F1C8E2D3D0002539E /* SuggestedDefencesView.swift in Sources */,
				86DAE50A1C8BA35200B97568 /* TeamRoundView.swift in Sources */,
				09BA4D171C5823F200FA56D1 /* TeamProfileView.swift in Sources */,
				09DBFA401C50316C00511FA4 /* BlueAlliance.swift in Sources */,
				09BA4D051C57FF2400FA56D1 /* RoundSelectionView.swift in Sources */,
				866DC1F31C4B1AE40073BED7 /* SwiftyJSON.swift in Sources */,
				86DF2AC41C499259009500A1 /* Round.swift in Sources */,
			);
			runOnlyForDeploymentPostprocessing = 0;
		};
/* End PBXSourcesBuildPhase section */

/* Begin PBXTargetDependency section */
		092A16841C57F26100BAE349 /* PBXTargetDependency */ = {
			isa = PBXTargetDependency;
			name = SwiftHTTP;
			targetProxy = 092A16831C57F26100BAE349 /* PBXContainerItemProxy */;
		};
/* End PBXTargetDependency section */

/* Begin PBXVariantGroup section */
		09C567651C46F82200873387 /* Main.storyboard */ = {
			isa = PBXVariantGroup;
			children = (
				09C567661C46F82200873387 /* Base */,
			);
			name = Main.storyboard;
			sourceTree = "<group>";
		};
		09C5676A1C46F82200873387 /* LaunchScreen.storyboard */ = {
			isa = PBXVariantGroup;
			children = (
				09C5676B1C46F82200873387 /* Base */,
			);
			name = LaunchScreen.storyboard;
			sourceTree = "<group>";
		};
/* End PBXVariantGroup section */

/* Begin XCBuildConfiguration section */
		09C5676E1C46F82200873387 /* Debug */ = {
			isa = XCBuildConfiguration;
			buildSettings = {
				ALWAYS_SEARCH_USER_PATHS = NO;
				CLANG_CXX_LANGUAGE_STANDARD = "gnu++0x";
				CLANG_CXX_LIBRARY = "libc++";
				CLANG_ENABLE_MODULES = YES;
				CLANG_ENABLE_OBJC_ARC = YES;
				CLANG_WARN_BOOL_CONVERSION = YES;
				CLANG_WARN_CONSTANT_CONVERSION = YES;
				CLANG_WARN_DIRECT_OBJC_ISA_USAGE = YES_ERROR;
				CLANG_WARN_EMPTY_BODY = YES;
				CLANG_WARN_ENUM_CONVERSION = YES;
				CLANG_WARN_INT_CONVERSION = YES;
				CLANG_WARN_OBJC_ROOT_CLASS = YES_ERROR;
				CLANG_WARN_UNREACHABLE_CODE = YES;
				CLANG_WARN__DUPLICATE_METHOD_MATCH = YES;
				CODE_SIGN_IDENTITY = "iPhone Distribution: Oran Luzon (VEFXGBBZ5N)";
				"CODE_SIGN_IDENTITY[sdk=iphoneos*]" = "iPhone Distribution: Oran Luzon (VEFXGBBZ5N)";
				COPY_PHASE_STRIP = NO;
				DEBUG_INFORMATION_FORMAT = dwarf;
				ENABLE_STRICT_OBJC_MSGSEND = YES;
				ENABLE_TESTABILITY = YES;
				GCC_C_LANGUAGE_STANDARD = gnu99;
				GCC_DYNAMIC_NO_PIC = NO;
				GCC_NO_COMMON_BLOCKS = YES;
				GCC_OPTIMIZATION_LEVEL = 0;
				GCC_PREPROCESSOR_DEFINITIONS = (
					"DEBUG=1",
					"$(inherited)",
				);
				GCC_WARN_64_TO_32_BIT_CONVERSION = YES;
				GCC_WARN_ABOUT_RETURN_TYPE = YES_ERROR;
				GCC_WARN_UNDECLARED_SELECTOR = YES;
				GCC_WARN_UNINITIALIZED_AUTOS = YES_AGGRESSIVE;
				GCC_WARN_UNUSED_FUNCTION = YES;
				GCC_WARN_UNUSED_VARIABLE = YES;
				IPHONEOS_DEPLOYMENT_TARGET = 9.2;
				MTL_ENABLE_DEBUG_INFO = YES;
				ONLY_ACTIVE_ARCH = YES;
				"OTHER_LDFLAGS[arch=*]" = (
					"$(OTHER_LDFLAGS)",
					"-ObjC",
				);
				SDKROOT = iphoneos;
				SWIFT_OPTIMIZATION_LEVEL = "-Onone";
			};
			name = Debug;
		};
		09C5676F1C46F82200873387 /* Release */ = {
			isa = XCBuildConfiguration;
			buildSettings = {
				ALWAYS_SEARCH_USER_PATHS = NO;
				CLANG_CXX_LANGUAGE_STANDARD = "gnu++0x";
				CLANG_CXX_LIBRARY = "libc++";
				CLANG_ENABLE_MODULES = YES;
				CLANG_ENABLE_OBJC_ARC = YES;
				CLANG_WARN_BOOL_CONVERSION = YES;
				CLANG_WARN_CONSTANT_CONVERSION = YES;
				CLANG_WARN_DIRECT_OBJC_ISA_USAGE = YES_ERROR;
				CLANG_WARN_EMPTY_BODY = YES;
				CLANG_WARN_ENUM_CONVERSION = YES;
				CLANG_WARN_INT_CONVERSION = YES;
				CLANG_WARN_OBJC_ROOT_CLASS = YES_ERROR;
				CLANG_WARN_UNREACHABLE_CODE = YES;
				CLANG_WARN__DUPLICATE_METHOD_MATCH = YES;
				CODE_SIGN_IDENTITY = "iPhone Distribution: Oran Luzon (VEFXGBBZ5N)";
				"CODE_SIGN_IDENTITY[sdk=iphoneos*]" = "iPhone Distribution: Oran Luzon (VEFXGBBZ5N)";
				COPY_PHASE_STRIP = NO;
				DEBUG_INFORMATION_FORMAT = "dwarf-with-dsym";
				ENABLE_NS_ASSERTIONS = NO;
				ENABLE_STRICT_OBJC_MSGSEND = YES;
				GCC_C_LANGUAGE_STANDARD = gnu99;
				GCC_NO_COMMON_BLOCKS = YES;
				GCC_WARN_64_TO_32_BIT_CONVERSION = YES;
				GCC_WARN_ABOUT_RETURN_TYPE = YES_ERROR;
				GCC_WARN_UNDECLARED_SELECTOR = YES;
				GCC_WARN_UNINITIALIZED_AUTOS = YES_AGGRESSIVE;
				GCC_WARN_UNUSED_FUNCTION = YES;
				GCC_WARN_UNUSED_VARIABLE = YES;
				IPHONEOS_DEPLOYMENT_TARGET = 9.2;
				MTL_ENABLE_DEBUG_INFO = NO;
				"OTHER_LDFLAGS[arch=*]" = (
					"$(OTHER_LDFLAGS)",
					"-ObjC",
				);
				SDKROOT = iphoneos;
				VALIDATE_PRODUCT = YES;
			};
			name = Release;
		};
		09C567711C46F82200873387 /* Debug */ = {
			isa = XCBuildConfiguration;
			buildSettings = {
				ASSETCATALOG_COMPILER_APPICON_NAME = AppIcon;
				CODE_SIGN_IDENTITY = "iPhone Developer";
				"CODE_SIGN_IDENTITY[sdk=iphoneos*]" = "iPhone Developer";
				EMBEDDED_CONTENT_CONTAINS_SWIFT = YES;
				ENABLE_BITCODE = NO;
				FRAMEWORK_SEARCH_PATHS = (
					"$(inherited)",
					"$(PROJECT_DIR)",
				);
				INFOPLIST_FILE = ScoutingApp2016/Info.plist;
				LD_RUNPATH_SEARCH_PATHS = "$(inherited) @executable_path/Frameworks";
				OTHER_LDFLAGS = (
					"$(OTHER_LDFLAGS)",
					"-ObjC",
				);
				PRODUCT_BUNDLE_IDENTIFIER = MilkyShakeMobile.ScoutingApp2016;
				PRODUCT_NAME = "$(TARGET_NAME)";
				PROVISIONING_PROFILE = "";
				"SWIFT_OBJC_BRIDGING_HEADER[arch=*]" = "ScoutingApp2016/ScoutingApp2016-Bridging-Header.h";
			};
			name = Debug;
		};
		09C567721C46F82200873387 /* Release */ = {
			isa = XCBuildConfiguration;
			buildSettings = {
				ASSETCATALOG_COMPILER_APPICON_NAME = AppIcon;
				CODE_SIGN_IDENTITY = "iPhone Developer";
				"CODE_SIGN_IDENTITY[sdk=iphoneos*]" = "iPhone Developer";
				EMBEDDED_CONTENT_CONTAINS_SWIFT = YES;
				ENABLE_BITCODE = NO;
				FRAMEWORK_SEARCH_PATHS = (
					"$(inherited)",
					"$(PROJECT_DIR)",
				);
				INFOPLIST_FILE = ScoutingApp2016/Info.plist;
				LD_RUNPATH_SEARCH_PATHS = "$(inherited) @executable_path/Frameworks";
				OTHER_LDFLAGS = (
					"$(OTHER_LDFLAGS)",
					"-ObjC",
				);
				PRODUCT_BUNDLE_IDENTIFIER = MilkyShakeMobile.ScoutingApp2016;
				PRODUCT_NAME = "$(TARGET_NAME)";
				PROVISIONING_PROFILE = "";
				"SWIFT_OBJC_BRIDGING_HEADER[arch=*]" = "ScoutingApp2016/ScoutingApp2016-Bridging-Header.h";
			};
			name = Release;
		};
/* End XCBuildConfiguration section */

/* Begin XCConfigurationList section */
		09C567591C46F82100873387 /* Build configuration list for PBXProject "ScoutingApp2016" */ = {
			isa = XCConfigurationList;
			buildConfigurations = (
				09C5676E1C46F82200873387 /* Debug */,
				09C5676F1C46F82200873387 /* Release */,
			);
			defaultConfigurationIsVisible = 0;
			defaultConfigurationName = Release;
		};
		09C567701C46F82200873387 /* Build configuration list for PBXNativeTarget "ScoutingApp2016" */ = {
			isa = XCConfigurationList;
			buildConfigurations = (
				09C567711C46F82200873387 /* Debug */,
				09C567721C46F82200873387 /* Release */,
			);
			defaultConfigurationIsVisible = 0;
			defaultConfigurationName = Release;
		};
/* End XCConfigurationList section */
	};
	rootObject = 09C567561C46F82100873387 /* Project object */;
}
