// !$*UTF8*$!
{
	archiveVersion = 1;
	classes = {
	};
	objectVersion = 46;
	objects = {

/* Begin PBXBuildFile section */
		095CDB0E1C47ED4100ED33C8 /* AddressBook.framework in Frameworks */ = {isa = PBXBuildFile; fileRef = 095CDB0D1C47ED4100ED33C8 /* AddressBook.framework */; };
		095CDB101C47ED5200ED33C8 /* StoreKit.framework in Frameworks */ = {isa = PBXBuildFile; fileRef = 095CDB0F1C47ED5200ED33C8 /* StoreKit.framework */; };
		095CDB121C47ED5C00ED33C8 /* SystemConfiguration.framework in Frameworks */ = {isa = PBXBuildFile; fileRef = 095CDB111C47ED5C00ED33C8 /* SystemConfiguration.framework */; };
		09C567621C46F82200873387 /* AppDelegate.swift in Sources */ = {isa = PBXBuildFile; fileRef = 09C567611C46F82200873387 /* AppDelegate.swift */; };
		09C567641C46F82200873387 /* ViewController.swift in Sources */ = {isa = PBXBuildFile; fileRef = 09C567631C46F82200873387 /* ViewController.swift */; };
		09C567671C46F82200873387 /* Main.storyboard in Resources */ = {isa = PBXBuildFile; fileRef = 09C567651C46F82200873387 /* Main.storyboard */; };
		09C567691C46F82200873387 /* Assets.xcassets in Resources */ = {isa = PBXBuildFile; fileRef = 09C567681C46F82200873387 /* Assets.xcassets */; };
		09C5676C1C46F82200873387 /* LaunchScreen.storyboard in Resources */ = {isa = PBXBuildFile; fileRef = 09C5676A1C46F82200873387 /* LaunchScreen.storyboard */; };
		09C567741C46F83B00873387 /* Obstacle.swift in Sources */ = {isa = PBXBuildFile; fileRef = 09C567731C46F83B00873387 /* Obstacle.swift */; };
		09C567761C46F84800873387 /* LogIn.swift in Sources */ = {isa = PBXBuildFile; fileRef = 09C567751C46F84800873387 /* LogIn.swift */; };
		09C567781C47002600873387 /* Matches.swift in Sources */ = {isa = PBXBuildFile; fileRef = 09C567771C47002600873387 /* Matches.swift */; };
		86A7CC981C484F2B0006DD22 /* Bolts.framework in Frameworks */ = {isa = PBXBuildFile; fileRef = 86A7CC971C484F2B0006DD22 /* Bolts.framework */; };
		86A7CC9A1C484F340006DD22 /* Parse.framework in Frameworks */ = {isa = PBXBuildFile; fileRef = 86A7CC991C484F340006DD22 /* Parse.framework */; };
		86A7CC9E1C484FBF0006DD22 /* GoogleSignIn.framework in Frameworks */ = {isa = PBXBuildFile; fileRef = 86A7CC9B1C484FBF0006DD22 /* GoogleSignIn.framework */; };
		86A7CCA31C4850470006DD22 /* AudioToolbox.framework in Frameworks */ = {isa = PBXBuildFile; fileRef = 86A7CCA21C4850470006DD22 /* AudioToolbox.framework */; };
		86A7CCA51C48504D0006DD22 /* CFNetwork.framework in Frameworks */ = {isa = PBXBuildFile; fileRef = 86A7CCA41C48504D0006DD22 /* CFNetwork.framework */; };
		86A7CCA71C4850540006DD22 /* CoreGraphics.framework in Frameworks */ = {isa = PBXBuildFile; fileRef = 86A7CCA61C4850540006DD22 /* CoreGraphics.framework */; };
		86A7CCA91C48505B0006DD22 /* CoreLocation.framework in Frameworks */ = {isa = PBXBuildFile; fileRef = 86A7CCA81C48505B0006DD22 /* CoreLocation.framework */; };
		86A7CCAB1C4850610006DD22 /* QuartzCore.framework in Frameworks */ = {isa = PBXBuildFile; fileRef = 86A7CCAA1C4850610006DD22 /* QuartzCore.framework */; };
		86A7CCAD1C4850650006DD22 /* Security.framework in Frameworks */ = {isa = PBXBuildFile; fileRef = 86A7CCAC1C4850650006DD22 /* Security.framework */; };
		86A7CCAF1C48507E0006DD22 /* libz.tbd in Frameworks */ = {isa = PBXBuildFile; fileRef = 86A7CCAE1C48507E0006DD22 /* libz.tbd */; };
		86A7CCB11C4850870006DD22 /* libsqlite3.tbd in Frameworks */ = {isa = PBXBuildFile; fileRef = 86A7CCB01C4850870006DD22 /* libsqlite3.tbd */; };
		86A7CCB21C48529C0006DD22 /* GoogleSignIn.bundle in Resources */ = {isa = PBXBuildFile; fileRef = 86A7CC9C1C484FBF0006DD22 /* GoogleSignIn.bundle */; };
/* End PBXBuildFile section */

/* Begin PBXFileReference section */
		095CDB0D1C47ED4100ED33C8 /* AddressBook.framework */ = {isa = PBXFileReference; lastKnownFileType = wrapper.framework; name = AddressBook.framework; path = System/Library/Frameworks/AddressBook.framework; sourceTree = SDKROOT; };
		095CDB0F1C47ED5200ED33C8 /* StoreKit.framework */ = {isa = PBXFileReference; lastKnownFileType = wrapper.framework; name = StoreKit.framework; path = System/Library/Frameworks/StoreKit.framework; sourceTree = SDKROOT; };
		095CDB111C47ED5C00ED33C8 /* SystemConfiguration.framework */ = {isa = PBXFileReference; lastKnownFileType = wrapper.framework; name = SystemConfiguration.framework; path = System/Library/Frameworks/SystemConfiguration.framework; sourceTree = SDKROOT; };
		09AAAC9D1C481C1D0039168A /* GoogleService-Info.plist */ = {isa = PBXFileReference; fileEncoding = 4; lastKnownFileType = text.plist.xml; path = "GoogleService-Info.plist"; sourceTree = "<group>"; };
		09C5675E1C46F82200873387 /* ScoutingApp2016.app */ = {isa = PBXFileReference; explicitFileType = wrapper.application; includeInIndex = 0; path = ScoutingApp2016.app; sourceTree = BUILT_PRODUCTS_DIR; };
		09C567611C46F82200873387 /* AppDelegate.swift */ = {isa = PBXFileReference; lastKnownFileType = sourcecode.swift; path = AppDelegate.swift; sourceTree = "<group>"; };
		09C567631C46F82200873387 /* ViewController.swift */ = {isa = PBXFileReference; lastKnownFileType = sourcecode.swift; path = ViewController.swift; sourceTree = "<group>"; };
		09C567661C46F82200873387 /* Base */ = {isa = PBXFileReference; lastKnownFileType = file.storyboard; name = Base; path = Base.lproj/Main.storyboard; sourceTree = "<group>"; };
		09C567681C46F82200873387 /* Assets.xcassets */ = {isa = PBXFileReference; lastKnownFileType = folder.assetcatalog; path = Assets.xcassets; sourceTree = "<group>"; };
		09C5676B1C46F82200873387 /* Base */ = {isa = PBXFileReference; lastKnownFileType = file.storyboard; name = Base; path = Base.lproj/LaunchScreen.storyboard; sourceTree = "<group>"; };
		09C5676D1C46F82200873387 /* Info.plist */ = {isa = PBXFileReference; lastKnownFileType = text.plist.xml; path = Info.plist; sourceTree = "<group>"; };
		09C567731C46F83B00873387 /* Obstacle.swift */ = {isa = PBXFileReference; fileEncoding = 4; lastKnownFileType = sourcecode.swift; path = Obstacle.swift; sourceTree = "<group>"; };
		09C567751C46F84800873387 /* LogIn.swift */ = {isa = PBXFileReference; fileEncoding = 4; lastKnownFileType = sourcecode.swift; path = LogIn.swift; sourceTree = "<group>"; };
		09C567771C47002600873387 /* Matches.swift */ = {isa = PBXFileReference; fileEncoding = 4; lastKnownFileType = sourcecode.swift; path = Matches.swift; sourceTree = "<group>"; };
		86A7CC971C484F2B0006DD22 /* Bolts.framework */ = {isa = PBXFileReference; lastKnownFileType = wrapper.framework; path = Bolts.framework; sourceTree = "<group>"; };
		86A7CC991C484F340006DD22 /* Parse.framework */ = {isa = PBXFileReference; lastKnownFileType = wrapper.framework; path = Parse.framework; sourceTree = "<group>"; };
		86A7CC9B1C484FBF0006DD22 /* GoogleSignIn.framework */ = {isa = PBXFileReference; lastKnownFileType = wrapper.framework; path = GoogleSignIn.framework; sourceTree = "<group>"; };
		86A7CC9C1C484FBF0006DD22 /* GoogleSignIn.bundle */ = {isa = PBXFileReference; lastKnownFileType = "wrapper.plug-in"; path = GoogleSignIn.bundle; sourceTree = "<group>"; };
		86A7CCA21C4850470006DD22 /* AudioToolbox.framework */ = {isa = PBXFileReference; lastKnownFileType = wrapper.framework; name = AudioToolbox.framework; path = System/Library/Frameworks/AudioToolbox.framework; sourceTree = SDKROOT; };
		86A7CCA41C48504D0006DD22 /* CFNetwork.framework */ = {isa = PBXFileReference; lastKnownFileType = wrapper.framework; name = CFNetwork.framework; path = System/Library/Frameworks/CFNetwork.framework; sourceTree = SDKROOT; };
		86A7CCA61C4850540006DD22 /* CoreGraphics.framework */ = {isa = PBXFileReference; lastKnownFileType = wrapper.framework; name = CoreGraphics.framework; path = System/Library/Frameworks/CoreGraphics.framework; sourceTree = SDKROOT; };
		86A7CCA81C48505B0006DD22 /* CoreLocation.framework */ = {isa = PBXFileReference; lastKnownFileType = wrapper.framework; name = CoreLocation.framework; path = System/Library/Frameworks/CoreLocation.framework; sourceTree = SDKROOT; };
		86A7CCAA1C4850610006DD22 /* QuartzCore.framework */ = {isa = PBXFileReference; lastKnownFileType = wrapper.framework; name = QuartzCore.framework; path = System/Library/Frameworks/QuartzCore.framework; sourceTree = SDKROOT; };
		86A7CCAC1C4850650006DD22 /* Security.framework */ = {isa = PBXFileReference; lastKnownFileType = wrapper.framework; name = Security.framework; path = System/Library/Frameworks/Security.framework; sourceTree = SDKROOT; };
		86A7CCAE1C48507E0006DD22 /* libz.tbd */ = {isa = PBXFileReference; lastKnownFileType = "sourcecode.text-based-dylib-definition"; name = libz.tbd; path = usr/lib/libz.tbd; sourceTree = SDKROOT; };
		86A7CCB01C4850870006DD22 /* libsqlite3.tbd */ = {isa = PBXFileReference; lastKnownFileType = "sourcecode.text-based-dylib-definition"; name = libsqlite3.tbd; path = usr/lib/libsqlite3.tbd; sourceTree = SDKROOT; };
		86A7CCB31C4853050006DD22 /* ScoutingApp2016-Bridging-Header.h */ = {isa = PBXFileReference; lastKnownFileType = sourcecode.c.h; path = "ScoutingApp2016-Bridging-Header.h"; sourceTree = "<group>"; };
/* End PBXFileReference section */

/* Begin PBXFrameworksBuildPhase section */
		09C5675B1C46F82200873387 /* Frameworks */ = {
			isa = PBXFrameworksBuildPhase;
			buildActionMask = 2147483647;
			files = (
				86A7CCB11C4850870006DD22 /* libsqlite3.tbd in Frameworks */,
				86A7CCAF1C48507E0006DD22 /* libz.tbd in Frameworks */,
				095CDB121C47ED5C00ED33C8 /* SystemConfiguration.framework in Frameworks */,
				095CDB101C47ED5200ED33C8 /* StoreKit.framework in Frameworks */,
				86A7CCAD1C4850650006DD22 /* Security.framework in Frameworks */,
				86A7CCAB1C4850610006DD22 /* QuartzCore.framework in Frameworks */,
				86A7CCA91C48505B0006DD22 /* CoreLocation.framework in Frameworks */,
				86A7CCA71C4850540006DD22 /* CoreGraphics.framework in Frameworks */,
				86A7CCA51C48504D0006DD22 /* CFNetwork.framework in Frameworks */,
				86A7CCA31C4850470006DD22 /* AudioToolbox.framework in Frameworks */,
				86A7CC981C484F2B0006DD22 /* Bolts.framework in Frameworks */,
				86A7CC9E1C484FBF0006DD22 /* GoogleSignIn.framework in Frameworks */,
				095CDB0E1C47ED4100ED33C8 /* AddressBook.framework in Frameworks */,
				86A7CC9A1C484F340006DD22 /* Parse.framework in Frameworks */,
			);
			runOnlyForDeploymentPostprocessing = 0;
		};
/* End PBXFrameworksBuildPhase section */

/* Begin PBXGroup section */
		09C567551C46F82100873387 = {
			isa = PBXGroup;
			children = (
				86A7CCA11C484FD70006DD22 /* Frameworks */,
				09C567601C46F82200873387 /* ScoutingApp2016 */,
				09C5675F1C46F82200873387 /* Products */,
			);
			sourceTree = "<group>";
		};
		09C5675F1C46F82200873387 /* Products */ = {
			isa = PBXGroup;
			children = (
				09C5675E1C46F82200873387 /* ScoutingApp2016.app */,
			);
			name = Products;
			sourceTree = "<group>";
		};
		09C567601C46F82200873387 /* ScoutingApp2016 */ = {
			isa = PBXGroup;
			children = (
				09C567631C46F82200873387 /* ViewController.swift */,
				09C567751C46F84800873387 /* LogIn.swift */,
				09C567771C47002600873387 /* Matches.swift */,
				09C567731C46F83B00873387 /* Obstacle.swift */,
				09C567611C46F82200873387 /* AppDelegate.swift */,
				09C567651C46F82200873387 /* Main.storyboard */,
				09AAAC9D1C481C1D0039168A /* GoogleService-Info.plist */,
				09C567681C46F82200873387 /* Assets.xcassets */,
				09C5676A1C46F82200873387 /* LaunchScreen.storyboard */,
				09C5676D1C46F82200873387 /* Info.plist */,
				86A7CCB31C4853050006DD22 /* ScoutingApp2016-Bridging-Header.h */,
			);
			path = ScoutingApp2016;
			sourceTree = "<group>";
		};
		86A7CCA11C484FD70006DD22 /* Frameworks */ = {
			isa = PBXGroup;
			children = (
				86A7CC9C1C484FBF0006DD22 /* GoogleSignIn.bundle */,
				86A7CCB01C4850870006DD22 /* libsqlite3.tbd */,
				86A7CCAE1C48507E0006DD22 /* libz.tbd */,
				86A7CCAC1C4850650006DD22 /* Security.framework */,
				86A7CCAA1C4850610006DD22 /* QuartzCore.framework */,
				86A7CCA81C48505B0006DD22 /* CoreLocation.framework */,
				86A7CCA61C4850540006DD22 /* CoreGraphics.framework */,
				86A7CCA41C48504D0006DD22 /* CFNetwork.framework */,
				86A7CCA21C4850470006DD22 /* AudioToolbox.framework */,
				86A7CC9B1C484FBF0006DD22 /* GoogleSignIn.framework */,
				86A7CC991C484F340006DD22 /* Parse.framework */,
				86A7CC971C484F2B0006DD22 /* Bolts.framework */,
				095CDB111C47ED5C00ED33C8 /* SystemConfiguration.framework */,
				095CDB0F1C47ED5200ED33C8 /* StoreKit.framework */,
				095CDB0D1C47ED4100ED33C8 /* AddressBook.framework */,
			);
			name = Frameworks;
			sourceTree = "<group>";
		};
/* End PBXGroup section */

/* Begin PBXNativeTarget section */
		09C5675D1C46F82200873387 /* ScoutingApp2016 */ = {
			isa = PBXNativeTarget;
			buildConfigurationList = 09C567701C46F82200873387 /* Build configuration list for PBXNativeTarget "ScoutingApp2016" */;
			buildPhases = (
				09C5675A1C46F82200873387 /* Sources */,
				09C5675B1C46F82200873387 /* Frameworks */,
				09C5675C1C46F82200873387 /* Resources */,
			);
			buildRules = (
			);
			dependencies = (
			);
			name = ScoutingApp2016;
			productName = ScoutingApp2016;
			productReference = 09C5675E1C46F82200873387 /* ScoutingApp2016.app */;
			productType = "com.apple.product-type.application";
		};
/* End PBXNativeTarget section */

/* Begin PBXProject section */
		09C567561C46F82100873387 /* Project object */ = {
			isa = PBXProject;
			attributes = {
				LastSwiftUpdateCheck = 0720;
				LastUpgradeCheck = 0720;
				ORGANIZATIONNAME = Sciborgs;
				TargetAttributes = {
					09C5675D1C46F82200873387 = {
						CreatedOnToolsVersion = 7.2;
						DevelopmentTeam = VEFXGBBZ5N;
					};
				};
			};
			buildConfigurationList = 09C567591C46F82100873387 /* Build configuration list for PBXProject "ScoutingApp2016" */;
			compatibilityVersion = "Xcode 3.2";
			developmentRegion = English;
			hasScannedForEncodings = 0;
			knownRegions = (
				en,
				Base,
			);
			mainGroup = 09C567551C46F82100873387;
			productRefGroup = 09C5675F1C46F82200873387 /* Products */;
			projectDirPath = "";
			projectRoot = "";
			targets = (
				09C5675D1C46F82200873387 /* ScoutingApp2016 */,
			);
		};
/* End PBXProject section */

/* Begin PBXResourcesBuildPhase section */
		09C5675C1C46F82200873387 /* Resources */ = {
			isa = PBXResourcesBuildPhase;
			buildActionMask = 2147483647;
			files = (
				86A7CCB21C48529C0006DD22 /* GoogleSignIn.bundle in Resources */,
				09C5676C1C46F82200873387 /* LaunchScreen.storyboard in Resources */,
				09C567691C46F82200873387 /* Assets.xcassets in Resources */,
				09C567671C46F82200873387 /* Main.storyboard in Resources */,
			);
			runOnlyForDeploymentPostprocessing = 0;
		};
/* End PBXResourcesBuildPhase section */

/* Begin PBXSourcesBuildPhase section */
		09C5675A1C46F82200873387 /* Sources */ = {
			isa = PBXSourcesBuildPhase;
			buildActionMask = 2147483647;
			files = (
				09C567641C46F82200873387 /* ViewController.swift in Sources */,
				09C567621C46F82200873387 /* AppDelegate.swift in Sources */,
				09C567741C46F83B00873387 /* Obstacle.swift in Sources */,
				09C567781C47002600873387 /* Matches.swift in Sources */,
				09C567761C46F84800873387 /* LogIn.swift in Sources */,
			);
			runOnlyForDeploymentPostprocessing = 0;
		};
/* End PBXSourcesBuildPhase section */

/* Begin PBXVariantGroup section */
		09C567651C46F82200873387 /* Main.storyboard */ = {
			isa = PBXVariantGroup;
			children = (
				09C567661C46F82200873387 /* Base */,
			);
			name = Main.storyboard;
			sourceTree = "<group>";
		};
		09C5676A1C46F82200873387 /* LaunchScreen.storyboard */ = {
			isa = PBXVariantGroup;
			children = (
				09C5676B1C46F82200873387 /* Base */,
			);
			name = LaunchScreen.storyboard;
			sourceTree = "<group>";
		};
/* End PBXVariantGroup section */

/* Begin XCBuildConfiguration section */
		09C5676E1C46F82200873387 /* Debug */ = {
			isa = XCBuildConfiguration;
			buildSettings = {
				ALWAYS_SEARCH_USER_PATHS = NO;
				CLANG_CXX_LANGUAGE_STANDARD = "gnu++0x";
				CLANG_CXX_LIBRARY = "libc++";
				CLANG_ENABLE_MODULES = YES;
				CLANG_ENABLE_OBJC_ARC = YES;
				CLANG_WARN_BOOL_CONVERSION = YES;
				CLANG_WARN_CONSTANT_CONVERSION = YES;
				CLANG_WARN_DIRECT_OBJC_ISA_USAGE = YES_ERROR;
				CLANG_WARN_EMPTY_BODY = YES;
				CLANG_WARN_ENUM_CONVERSION = YES;
				CLANG_WARN_INT_CONVERSION = YES;
				CLANG_WARN_OBJC_ROOT_CLASS = YES_ERROR;
				CLANG_WARN_UNREACHABLE_CODE = YES;
				CLANG_WARN__DUPLICATE_METHOD_MATCH = YES;
				"CODE_SIGN_IDENTITY[sdk=iphoneos*]" = "iPhone Developer";
				COPY_PHASE_STRIP = NO;
				DEBUG_INFORMATION_FORMAT = dwarf;
				ENABLE_STRICT_OBJC_MSGSEND = YES;
				ENABLE_TESTABILITY = YES;
				GCC_C_LANGUAGE_STANDARD = gnu99;
				GCC_DYNAMIC_NO_PIC = NO;
				GCC_NO_COMMON_BLOCKS = YES;
				GCC_OPTIMIZATION_LEVEL = 0;
				GCC_PREPROCESSOR_DEFINITIONS = (
					"DEBUG=1",
					"$(inherited)",
				);
				GCC_WARN_64_TO_32_BIT_CONVERSION = YES;
				GCC_WARN_ABOUT_RETURN_TYPE = YES_ERROR;
				GCC_WARN_UNDECLARED_SELECTOR = YES;
				GCC_WARN_UNINITIALIZED_AUTOS = YES_AGGRESSIVE;
				GCC_WARN_UNUSED_FUNCTION = YES;
				GCC_WARN_UNUSED_VARIABLE = YES;
				IPHONEOS_DEPLOYMENT_TARGET = 9.2;
				MTL_ENABLE_DEBUG_INFO = YES;
				ONLY_ACTIVE_ARCH = YES;
				"OTHER_LDFLAGS[arch=*]" = (
					"$(OTHER_LDFLAGS)",
					"-ObjC",
				);
				SDKROOT = iphoneos;
				SWIFT_OPTIMIZATION_LEVEL = "-Onone";
			};
			name = Debug;
		};
		09C5676F1C46F82200873387 /* Release */ = {
			isa = XCBuildConfiguration;
			buildSettings = {
				ALWAYS_SEARCH_USER_PATHS = NO;
				CLANG_CXX_LANGUAGE_STANDARD = "gnu++0x";
				CLANG_CXX_LIBRARY = "libc++";
				CLANG_ENABLE_MODULES = YES;
				CLANG_ENABLE_OBJC_ARC = YES;
				CLANG_WARN_BOOL_CONVERSION = YES;
				CLANG_WARN_CONSTANT_CONVERSION = YES;
				CLANG_WARN_DIRECT_OBJC_ISA_USAGE = YES_ERROR;
				CLANG_WARN_EMPTY_BODY = YES;
				CLANG_WARN_ENUM_CONVERSION = YES;
				CLANG_WARN_INT_CONVERSION = YES;
				CLANG_WARN_OBJC_ROOT_CLASS = YES_ERROR;
				CLANG_WARN_UNREACHABLE_CODE = YES;
				CLANG_WARN__DUPLICATE_METHOD_MATCH = YES;
				"CODE_SIGN_IDENTITY[sdk=iphoneos*]" = "iPhone Developer";
				COPY_PHASE_STRIP = NO;
				DEBUG_INFORMATION_FORMAT = "dwarf-with-dsym";
				ENABLE_NS_ASSERTIONS = NO;
				ENABLE_STRICT_OBJC_MSGSEND = YES;
				GCC_C_LANGUAGE_STANDARD = gnu99;
				GCC_NO_COMMON_BLOCKS = YES;
				GCC_WARN_64_TO_32_BIT_CONVERSION = YES;
				GCC_WARN_ABOUT_RETURN_TYPE = YES_ERROR;
				GCC_WARN_UNDECLARED_SELECTOR = YES;
				GCC_WARN_UNINITIALIZED_AUTOS = YES_AGGRESSIVE;
				GCC_WARN_UNUSED_FUNCTION = YES;
				GCC_WARN_UNUSED_VARIABLE = YES;
				IPHONEOS_DEPLOYMENT_TARGET = 9.2;
				MTL_ENABLE_DEBUG_INFO = NO;
				"OTHER_LDFLAGS[arch=*]" = (
					"$(OTHER_LDFLAGS)",
					"-ObjC",
				);
				SDKROOT = iphoneos;
				VALIDATE_PRODUCT = YES;
			};
			name = Release;
		};
		09C567711C46F82200873387 /* Debug */ = {
			isa = XCBuildConfiguration;
			buildSettings = {
				ASSETCATALOG_COMPILER_APPICON_NAME = AppIcon;
				CODE_SIGN_IDENTITY = "iPhone Developer";
				"CODE_SIGN_IDENTITY[sdk=iphoneos*]" = "iPhone Developer";
				ENABLE_BITCODE = NO;
				FRAMEWORK_SEARCH_PATHS = (
					"$(inherited)",
					"$(PROJECT_DIR)",
				);
				INFOPLIST_FILE = ScoutingApp2016/Info.plist;
				LD_RUNPATH_SEARCH_PATHS = "$(inherited) @executable_path/Frameworks";
				OTHER_LDFLAGS = (
					"$(OTHER_LDFLAGS)",
					"-ObjC",
				);
				PRODUCT_BUNDLE_IDENTIFIER = MilkyShakeMobile.ScoutingApp2016;
				PRODUCT_NAME = "$(TARGET_NAME)";
				PROVISIONING_PROFILE = "";
				"SWIFT_OBJC_BRIDGING_HEADER[arch=*]" = "ScoutingApp2016/ScoutingApp2016-Bridging-Header.h";
			};
			name = Debug;
		};
		09C567721C46F82200873387 /* Release */ = {
			isa = XCBuildConfiguration;
			buildSettings = {
				ASSETCATALOG_COMPILER_APPICON_NAME = AppIcon;
				CODE_SIGN_IDENTITY = "iPhone Developer";
				"CODE_SIGN_IDENTITY[sdk=iphoneos*]" = "iPhone Developer";
				ENABLE_BITCODE = NO;
				FRAMEWORK_SEARCH_PATHS = (
					"$(inherited)",
					"$(PROJECT_DIR)",
				);
				INFOPLIST_FILE = ScoutingApp2016/Info.plist;
				LD_RUNPATH_SEARCH_PATHS = "$(inherited) @executable_path/Frameworks";
				OTHER_LDFLAGS = (
					"$(OTHER_LDFLAGS)",
					"-ObjC",
				);
				PRODUCT_BUNDLE_IDENTIFIER = MilkyShakeMobile.ScoutingApp2016;
				PRODUCT_NAME = "$(TARGET_NAME)";
				PROVISIONING_PROFILE = "";
				"SWIFT_OBJC_BRIDGING_HEADER[arch=*]" = "ScoutingApp2016/ScoutingApp2016-Bridging-Header.h";
			};
			name = Release;
		};
/* End XCBuildConfiguration section */

/* Begin XCConfigurationList section */
		09C567591C46F82100873387 /* Build configuration list for PBXProject "ScoutingApp2016" */ = {
			isa = XCConfigurationList;
			buildConfigurations = (
				09C5676E1C46F82200873387 /* Debug */,
				09C5676F1C46F82200873387 /* Release */,
			);
			defaultConfigurationIsVisible = 0;
			defaultConfigurationName = Release;
		};
		09C567701C46F82200873387 /* Build configuration list for PBXNativeTarget "ScoutingApp2016" */ = {
			isa = XCConfigurationList;
			buildConfigurations = (
				09C567711C46F82200873387 /* Debug */,
				09C567721C46F82200873387 /* Release */,
			);
			defaultConfigurationIsVisible = 0;
			defaultConfigurationName = Release;
		};
/* End XCConfigurationList section */
	};
	rootObject = 09C567561C46F82100873387 /* Project object */;
}
