// !$*UTF8*$!
{
	archiveVersion = 1;
	classes = {
	};
	objectVersion = 46;
	objects = {

/* Begin PBXBuildFile section */
		09C567621C46F82200873387 /* AppDelegate.swift in Sources */ = {isa = PBXBuildFile; fileRef = 09C567611C46F82200873387 /* AppDelegate.swift */; };
		09C567641C46F82200873387 /* ViewController.swift in Sources */ = {isa = PBXBuildFile; fileRef = 09C567631C46F82200873387 /* ViewController.swift */; };
		09C567671C46F82200873387 /* Main.storyboard in Resources */ = {isa = PBXBuildFile; fileRef = 09C567651C46F82200873387 /* Main.storyboard */; };
		09C567691C46F82200873387 /* Assets.xcassets in Resources */ = {isa = PBXBuildFile; fileRef = 09C567681C46F82200873387 /* Assets.xcassets */; };
		09C5676C1C46F82200873387 /* LaunchScreen.storyboard in Resources */ = {isa = PBXBuildFile; fileRef = 09C5676A1C46F82200873387 /* LaunchScreen.storyboard */; };
		09C567741C46F83B00873387 /* Obstacle.swift in Sources */ = {isa = PBXBuildFile; fileRef = 09C567731C46F83B00873387 /* Obstacle.swift */; };
		09C567761C46F84800873387 /* LogIn.swift in Sources */ = {isa = PBXBuildFile; fileRef = 09C567751C46F84800873387 /* LogIn.swift */; };
		09C567781C47002600873387 /* Matches.swift in Sources */ = {isa = PBXBuildFile; fileRef = 09C567771C47002600873387 /* Matches.swift */; };
/* End PBXBuildFile section */

/* Begin PBXFileReference section */
		09C5675E1C46F82200873387 /* ScoutingApp2016.app */ = {isa = PBXFileReference; explicitFileType = wrapper.application; includeInIndex = 0; path = ScoutingApp2016.app; sourceTree = BUILT_PRODUCTS_DIR; };
		09C567611C46F82200873387 /* AppDelegate.swift */ = {isa = PBXFileReference; lastKnownFileType = sourcecode.swift; path = AppDelegate.swift; sourceTree = "<group>"; };
		09C567631C46F82200873387 /* ViewController.swift */ = {isa = PBXFileReference; lastKnownFileType = sourcecode.swift; path = ViewController.swift; sourceTree = "<group>"; };
		09C567661C46F82200873387 /* Base */ = {isa = PBXFileReference; lastKnownFileType = file.storyboard; name = Base; path = Base.lproj/Main.storyboard; sourceTree = "<group>"; };
		09C567681C46F82200873387 /* Assets.xcassets */ = {isa = PBXFileReference; lastKnownFileType = folder.assetcatalog; path = Assets.xcassets; sourceTree = "<group>"; };
		09C5676B1C46F82200873387 /* Base */ = {isa = PBXFileReference; lastKnownFileType = file.storyboard; name = Base; path = Base.lproj/LaunchScreen.storyboard; sourceTree = "<group>"; };
		09C5676D1C46F82200873387 /* Info.plist */ = {isa = PBXFileReference; lastKnownFileType = text.plist.xml; path = Info.plist; sourceTree = "<group>"; };
		09C567731C46F83B00873387 /* Obstacle.swift */ = {isa = PBXFileReference; fileEncoding = 4; lastKnownFileType = sourcecode.swift; path = Obstacle.swift; sourceTree = "<group>"; };
		09C567751C46F84800873387 /* LogIn.swift */ = {isa = PBXFileReference; fileEncoding = 4; lastKnownFileType = sourcecode.swift; path = LogIn.swift; sourceTree = "<group>"; };
		09C567771C47002600873387 /* Matches.swift */ = {isa = PBXFileReference; fileEncoding = 4; lastKnownFileType = sourcecode.swift; path = Matches.swift; sourceTree = "<group>"; };
/* End PBXFileReference section */

/* Begin PBXFrameworksBuildPhase section */
		09C5675B1C46F82200873387 /* Frameworks */ = {
			isa = PBXFrameworksBuildPhase;
			buildActionMask = 2147483647;
			files = (
			);
			runOnlyForDeploymentPostprocessing = 0;
		};
/* End PBXFrameworksBuildPhase section */

/* Begin PBXGroup section */
		09C567551C46F82100873387 = {
			isa = PBXGroup;
			children = (
				09C567601C46F82200873387 /* ScoutingApp2016 */,
				09C5675F1C46F82200873387 /* Products */,
			);
			sourceTree = "<group>";
		};
		09C5675F1C46F82200873387 /* Products */ = {
			isa = PBXGroup;
			children = (
				09C5675E1C46F82200873387 /* ScoutingApp2016.app */,
			);
			name = Products;
			sourceTree = "<group>";
		};
		09C567601C46F82200873387 /* ScoutingApp2016 */ = {
			isa = PBXGroup;
			children = (
				09C567631C46F82200873387 /* ViewController.swift */,
				09C567751C46F84800873387 /* LogIn.swift */,
				09C567771C47002600873387 /* Matches.swift */,
				09C567731C46F83B00873387 /* Obstacle.swift */,
				09C567611C46F82200873387 /* AppDelegate.swift */,
				09C567651C46F82200873387 /* Main.storyboard */,
				09C567681C46F82200873387 /* Assets.xcassets */,
				09C5676A1C46F82200873387 /* LaunchScreen.storyboard */,
				09C5676D1C46F82200873387 /* Info.plist */,
			);
			path = ScoutingApp2016;
			sourceTree = "<group>";
		};
/* End PBXGroup section */

/* Begin PBXNativeTarget section */
		09C5675D1C46F82200873387 /* ScoutingApp2016 */ = {
			isa = PBXNativeTarget;
			buildConfigurationList = 09C567701C46F82200873387 /* Build configuration list for PBXNativeTarget "ScoutingApp2016" */;
			buildPhases = (
				09C5675A1C46F82200873387 /* Sources */,
				09C5675B1C46F82200873387 /* Frameworks */,
				09C5675C1C46F82200873387 /* Resources */,
			);
			buildRules = (
			);
			dependencies = (
			);
			name = ScoutingApp2016;
			productName = ScoutingApp2016;
			productReference = 09C5675E1C46F82200873387 /* ScoutingApp2016.app */;
			productType = "com.apple.product-type.application";
		};
/* End PBXNativeTarget section */

/* Begin PBXProject section */
		09C567561C46F82100873387 /* Project object */ = {
			isa = PBXProject;
			attributes = {
				LastSwiftUpdateCheck = 0720;
				LastUpgradeCheck = 0720;
				ORGANIZATIONNAME = Sciborgs;
				TargetAttributes = {
					09C5675D1C46F82200873387 = {
						CreatedOnToolsVersion = 7.2;
					};
				};
			};
			buildConfigurationList = 09C567591C46F82100873387 /* Build configuration list for PBXProject "ScoutingApp2016" */;
			compatibilityVersion = "Xcode 3.2";
			developmentRegion = English;
			hasScannedForEncodings = 0;
			knownRegions = (
				en,
				Base,
			);
			mainGroup = 09C567551C46F82100873387;
			productRefGroup = 09C5675F1C46F82200873387 /* Products */;
			projectDirPath = "";
			projectRoot = "";
			targets = (
				09C5675D1C46F82200873387 /* ScoutingApp2016 */,
			);
		};
/* End PBXProject section */

/* Begin PBXResourcesBuildPhase section */
		09C5675C1C46F82200873387 /* Resources */ = {
			isa = PBXResourcesBuildPhase;
			buildActionMask = 2147483647;
			files = (
				09C5676C1C46F82200873387 /* LaunchScreen.storyboard in Resources */,
				09C567691C46F82200873387 /* Assets.xcassets in Resources */,
				09C567671C46F82200873387 /* Main.storyboard in Resources */,
			);
			runOnlyForDeploymentPostprocessing = 0;
		};
/* End PBXResourcesBuildPhase section */

/* Begin PBXSourcesBuildPhase section */
		09C5675A1C46F82200873387 /* Sources */ = {
			isa = PBXSourcesBuildPhase;
			buildActionMask = 2147483647;
			files = (
				09C567641C46F82200873387 /* ViewController.swift in Sources */,
				09C567621C46F82200873387 /* AppDelegate.swift in Sources */,
				09C567741C46F83B00873387 /* Obstacle.swift in Sources */,
				09C567781C47002600873387 /* Matches.swift in Sources */,
				09C567761C46F84800873387 /* LogIn.swift in Sources */,
			);
			runOnlyForDeploymentPostprocessing = 0;
		};
/* End PBXSourcesBuildPhase section */

/* Begin PBXVariantGroup section */
		09C567651C46F82200873387 /* Main.storyboard */ = {
			isa = PBXVariantGroup;
			children = (
				09C567661C46F82200873387 /* Base */,
			);
			name = Main.storyboard;
			sourceTree = "<group>";
		};
		09C5676A1C46F82200873387 /* LaunchScreen.storyboard */ = {
			isa = PBXVariantGroup;
			children = (
				09C5676B1C46F82200873387 /* Base */,
			);
			name = LaunchScreen.storyboard;
			sourceTree = "<group>";
		};
/* End PBXVariantGroup section */

/* Begin XCBuildConfiguration section */
		09C5676E1C46F82200873387 /* Debug */ = {
			isa = XCBuildConfiguration;
			buildSettings = {
				ALWAYS_SEARCH_USER_PATHS = NO;
				CLANG_CXX_LANGUAGE_STANDARD = "gnu++0x";
				CLANG_CXX_LIBRARY = "libc++";
				CLANG_ENABLE_MODULES = YES;
				CLANG_ENABLE_OBJC_ARC = YES;
				CLANG_WARN_BOOL_CONVERSION = YES;
				CLANG_WARN_CONSTANT_CONVERSION = YES;
				CLANG_WARN_DIRECT_OBJC_ISA_USAGE = YES_ERROR;
				CLANG_WARN_EMPTY_BODY = YES;
				CLANG_WARN_ENUM_CONVERSION = YES;
				CLANG_WARN_INT_CONVERSION = YES;
				CLANG_WARN_OBJC_ROOT_CLASS = YES_ERROR;
				CLANG_WARN_UNREACHABLE_CODE = YES;
				CLANG_WARN__DUPLICATE_METHOD_MATCH = YES;
				"CODE_SIGN_IDENTITY[sdk=iphoneos*]" = "iPhone Developer";
				COPY_PHASE_STRIP = NO;
				DEBUG_INFORMATION_FORMAT = dwarf;
				ENABLE_STRICT_OBJC_MSGSEND = YES;
				ENABLE_TESTABILITY = YES;
				GCC_C_LANGUAGE_STANDARD = gnu99;
				GCC_DYNAMIC_NO_PIC = NO;
				GCC_NO_COMMON_BLOCKS = YES;
				GCC_OPTIMIZATION_LEVEL = 0;
				GCC_PREPROCESSOR_DEFINITIONS = (
					"DEBUG=1",
					"$(inherited)",
				);
				GCC_WARN_64_TO_32_BIT_CONVERSION = YES;
				GCC_WARN_ABOUT_RETURN_TYPE = YES_ERROR;
				GCC_WARN_UNDECLARED_SELECTOR = YES;
				GCC_WARN_UNINITIALIZED_AUTOS = YES_AGGRESSIVE;
				GCC_WARN_UNUSED_FUNCTION = YES;
				GCC_WARN_UNUSED_VARIABLE = YES;
				IPHONEOS_DEPLOYMENT_TARGET = 9.2;
				MTL_ENABLE_DEBUG_INFO = YES;
				ONLY_ACTIVE_ARCH = YES;
				SDKROOT = iphoneos;
				SWIFT_OPTIMIZATION_LEVEL = "-Onone";
			};
			name = Debug;
		};
		09C5676F1C46F82200873387 /* Release */ = {
			isa = XCBuildConfiguration;
			buildSettings = {
				ALWAYS_SEARCH_USER_PATHS = NO;
				CLANG_CXX_LANGUAGE_STANDARD = "gnu++0x";
				CLANG_CXX_LIBRARY = "libc++";
				CLANG_ENABLE_MODULES = YES;
				CLANG_ENABLE_OBJC_ARC = YES;
				CLANG_WARN_BOOL_CONVERSION = YES;
				CLANG_WARN_CONSTANT_CONVERSION = YES;
				CLANG_WARN_DIRECT_OBJC_ISA_USAGE = YES_ERROR;
				CLANG_WARN_EMPTY_BODY = YES;
				CLANG_WARN_ENUM_CONVERSION = YES;
				CLANG_WARN_INT_CONVERSION = YES;
				CLANG_WARN_OBJC_ROOT_CLASS = YES_ERROR;
				CLANG_WARN_UNREACHABLE_CODE = YES;
				CLANG_WARN__DUPLICATE_METHOD_MATCH = YES;
				"CODE_SIGN_IDENTITY[sdk=iphoneos*]" = "iPhone Developer";
				COPY_PHASE_STRIP = NO;
				DEBUG_INFORMATION_FORMAT = "dwarf-with-dsym";
				ENABLE_NS_ASSERTIONS = NO;
				ENABLE_STRICT_OBJC_MSGSEND = YES;
				GCC_C_LANGUAGE_STANDARD = gnu99;
				GCC_NO_COMMON_BLOCKS = YES;
				GCC_WARN_64_TO_32_BIT_CONVERSION = YES;
				GCC_WARN_ABOUT_RETURN_TYPE = YES_ERROR;
				GCC_WARN_UNDECLARED_SELECTOR = YES;
				GCC_WARN_UNINITIALIZED_AUTOS = YES_AGGRESSIVE;
				GCC_WARN_UNUSED_FUNCTION = YES;
				GCC_WARN_UNUSED_VARIABLE = YES;
				IPHONEOS_DEPLOYMENT_TARGET = 9.2;
				MTL_ENABLE_DEBUG_INFO = NO;
				SDKROOT = iphoneos;
				VALIDATE_PRODUCT = YES;
			};
			name = Release;
		};
		09C567711C46F82200873387 /* Debug */ = {
			isa = XCBuildConfiguration;
			buildSettings = {
				ASSETCATALOG_COMPILER_APPICON_NAME = AppIcon;
				INFOPLIST_FILE = ScoutingApp2016/Info.plist;
				LD_RUNPATH_SEARCH_PATHS = "$(inherited) @executable_path/Frameworks";
				PRODUCT_BUNDLE_IDENTIFIER = MilkyShakeMobile.ScoutingApp2016;
				PRODUCT_NAME = "$(TARGET_NAME)";
			};
			name = Debug;
		};
		09C567721C46F82200873387 /* Release */ = {
			isa = XCBuildConfiguration;
			buildSettings = {
				ASSETCATALOG_COMPILER_APPICON_NAME = AppIcon;
				INFOPLIST_FILE = ScoutingApp2016/Info.plist;
				LD_RUNPATH_SEARCH_PATHS = "$(inherited) @executable_path/Frameworks";
				PRODUCT_BUNDLE_IDENTIFIER = MilkyShakeMobile.ScoutingApp2016;
				PRODUCT_NAME = "$(TARGET_NAME)";
			};
			name = Release;
		};
/* End XCBuildConfiguration section */

/* Begin XCConfigurationList section */
		09C567591C46F82100873387 /* Build configuration list for PBXProject "ScoutingApp2016" */ = {
			isa = XCConfigurationList;
			buildConfigurations = (
				09C5676E1C46F82200873387 /* Debug */,
				09C5676F1C46F82200873387 /* Release */,
			);
			defaultConfigurationIsVisible = 0;
			defaultConfigurationName = Release;
		};
		09C567701C46F82200873387 /* Build configuration list for PBXNativeTarget "ScoutingApp2016" */ = {
			isa = XCConfigurationList;
			buildConfigurations = (
				09C567711C46F82200873387 /* Debug */,
				09C567721C46F82200873387 /* Release */,
			);
			defaultConfigurationIsVisible = 0;
		};
/* End XCConfigurationList section */
	};
	rootObject = 09C567561C46F82100873387 /* Project object */;
}
